// !$*UTF8*$!
{
	archiveVersion = 1;
	classes = {
	};
	objectVersion = 55;
	objects = {

/* Begin PBXBuildFile section */
		2A12C69628A4EAB9005A399B /* ExampleViewController.swift in Sources */ = {isa = PBXBuildFile; fileRef = 2A12C69528A4EAB9005A399B /* ExampleViewController.swift */; };
		2A15A41A28A3826F0024E8F8 /* SO-Form.css in Resources */ = {isa = PBXBuildFile; fileRef = 2A15A41928A3826F0024E8F8 /* SO-Form.css */; };
		2A9CAAFE289CDC1C0007BF08 /* AppDelegate.swift in Sources */ = {isa = PBXBuildFile; fileRef = 2A9CAAFD289CDC1C0007BF08 /* AppDelegate.swift */; };
		2A9CAB00289CDC1C0007BF08 /* SceneDelegate.swift in Sources */ = {isa = PBXBuildFile; fileRef = 2A9CAAFF289CDC1C0007BF08 /* SceneDelegate.swift */; };
		2A9CAB02289CDC1C0007BF08 /* ViewController.swift in Sources */ = {isa = PBXBuildFile; fileRef = 2A9CAB01289CDC1C0007BF08 /* ViewController.swift */; };
		2A9CAB05289CDC1C0007BF08 /* Main.storyboard in Resources */ = {isa = PBXBuildFile; fileRef = 2A9CAB03289CDC1C0007BF08 /* Main.storyboard */; };
		2A9CAB07289CDC1D0007BF08 /* Assets.xcassets in Resources */ = {isa = PBXBuildFile; fileRef = 2A9CAB06289CDC1D0007BF08 /* Assets.xcassets */; };
		2A9CAB0A289CDC1D0007BF08 /* LaunchScreen.storyboard in Resources */ = {isa = PBXBuildFile; fileRef = 2A9CAB08289CDC1D0007BF08 /* LaunchScreen.storyboard */; };
		2A9CAB15289CDC1E0007BF08 /* WebviewTestTests.swift in Sources */ = {isa = PBXBuildFile; fileRef = 2A9CAB14289CDC1E0007BF08 /* WebviewTestTests.swift */; };
		2A9CAB1F289CDC1E0007BF08 /* WebviewTestUITests.swift in Sources */ = {isa = PBXBuildFile; fileRef = 2A9CAB1E289CDC1E0007BF08 /* WebviewTestUITests.swift */; };
		2A9CAB21289CDC1E0007BF08 /* WebviewTestUITestsLaunchTests.swift in Sources */ = {isa = PBXBuildFile; fileRef = 2A9CAB20289CDC1E0007BF08 /* WebviewTestUITestsLaunchTests.swift */; };
/* End PBXBuildFile section */

/* Begin PBXContainerItemProxy section */
		2A9CAB11289CDC1E0007BF08 /* PBXContainerItemProxy */ = {
			isa = PBXContainerItemProxy;
			containerPortal = 2A9CAAF2289CDC1C0007BF08 /* Project object */;
			proxyType = 1;
			remoteGlobalIDString = 2A9CAAF9289CDC1C0007BF08;
			remoteInfo = WebviewTest;
		};
		2A9CAB1B289CDC1E0007BF08 /* PBXContainerItemProxy */ = {
			isa = PBXContainerItemProxy;
			containerPortal = 2A9CAAF2289CDC1C0007BF08 /* Project object */;
			proxyType = 1;
			remoteGlobalIDString = 2A9CAAF9289CDC1C0007BF08;
			remoteInfo = WebviewTest;
		};
/* End PBXContainerItemProxy section */

/* Begin PBXFileReference section */
		2A12C69528A4EAB9005A399B /* ExampleViewController.swift */ = {isa = PBXFileReference; lastKnownFileType = sourcecode.swift; path = ExampleViewController.swift; sourceTree = "<group>"; };
		2A15A40328A371B20024E8F8 /* D-DIN-PRO-Regular.otf */ = {isa = PBXFileReference; lastKnownFileType = file; path = "D-DIN-PRO-Regular.otf"; sourceTree = "<group>"; };
		2A15A40428A371B30024E8F8 /* D-DIN-PRO-Bold.otf */ = {isa = PBXFileReference; lastKnownFileType = file; path = "D-DIN-PRO-Bold.otf"; sourceTree = "<group>"; };
		2A15A40528A371B40024E8F8 /* D-DIN-PRO-Medium.otf */ = {isa = PBXFileReference; lastKnownFileType = file; path = "D-DIN-PRO-Medium.otf"; sourceTree = "<group>"; };
		2A15A40628A372DA0024E8F8 /* DINPro-CondensedBlackItalic.ttf */ = {isa = PBXFileReference; lastKnownFileType = file; path = "DINPro-CondensedBlackItalic.ttf"; sourceTree = "<group>"; };
		2A15A40728A372DA0024E8F8 /* DINPro-CondensedLightItalic.ttf */ = {isa = PBXFileReference; lastKnownFileType = file; path = "DINPro-CondensedLightItalic.ttf"; sourceTree = "<group>"; };
		2A15A40828A372DA0024E8F8 /* DINPro-LightItalic.ttf */ = {isa = PBXFileReference; lastKnownFileType = file; path = "DINPro-LightItalic.ttf"; sourceTree = "<group>"; };
		2A15A40928A372DA0024E8F8 /* DINPro-CondensedItalic.ttf */ = {isa = PBXFileReference; lastKnownFileType = file; path = "DINPro-CondensedItalic.ttf"; sourceTree = "<group>"; };
		2A15A40A28A372DA0024E8F8 /* DINPro-CondensedBoldItalic.ttf */ = {isa = PBXFileReference; lastKnownFileType = file; path = "DINPro-CondensedBoldItalic.ttf"; sourceTree = "<group>"; };
		2A15A40B28A372DA0024E8F8 /* DINPro-Medium.ttf */ = {isa = PBXFileReference; lastKnownFileType = file; path = "DINPro-Medium.ttf"; sourceTree = "<group>"; };
		2A15A40C28A372DA0024E8F8 /* DINPro-MediumItalic.ttf */ = {isa = PBXFileReference; lastKnownFileType = file; path = "DINPro-MediumItalic.ttf"; sourceTree = "<group>"; };
		2A15A40D28A372DA0024E8F8 /* DINPro-Italic.ttf */ = {isa = PBXFileReference; lastKnownFileType = file; path = "DINPro-Italic.ttf"; sourceTree = "<group>"; };
		2A15A40E28A372DA0024E8F8 /* DINPro-BlackItalic.ttf */ = {isa = PBXFileReference; lastKnownFileType = file; path = "DINPro-BlackItalic.ttf"; sourceTree = "<group>"; };
		2A15A40F28A372DA0024E8F8 /* DINPro-CondensedLigh.ttf */ = {isa = PBXFileReference; lastKnownFileType = file; path = "DINPro-CondensedLigh.ttf"; sourceTree = "<group>"; };
		2A15A41028A372DA0024E8F8 /* DINPro-Bold.ttf */ = {isa = PBXFileReference; lastKnownFileType = file; path = "DINPro-Bold.ttf"; sourceTree = "<group>"; };
		2A15A41128A372DA0024E8F8 /* DINPro-Black.ttf */ = {isa = PBXFileReference; lastKnownFileType = file; path = "DINPro-Black.ttf"; sourceTree = "<group>"; };
		2A15A41228A372DA0024E8F8 /* DINPro-CondensedBold.ttf */ = {isa = PBXFileReference; lastKnownFileType = file; path = "DINPro-CondensedBold.ttf"; sourceTree = "<group>"; };
		2A15A41328A372DA0024E8F8 /* DINPro-CondensedRegular.ttf */ = {isa = PBXFileReference; lastKnownFileType = file; path = "DINPro-CondensedRegular.ttf"; sourceTree = "<group>"; };
		2A15A41428A372DA0024E8F8 /* DINPro-CondensedMedium.ttf */ = {isa = PBXFileReference; lastKnownFileType = file; path = "DINPro-CondensedMedium.ttf"; sourceTree = "<group>"; };
		2A15A41528A372DA0024E8F8 /* DINPro-Light.ttf */ = {isa = PBXFileReference; lastKnownFileType = file; path = "DINPro-Light.ttf"; sourceTree = "<group>"; };
		2A15A41628A372DB0024E8F8 /* DINPro-CondensedBlack.ttf */ = {isa = PBXFileReference; lastKnownFileType = file; path = "DINPro-CondensedBlack.ttf"; sourceTree = "<group>"; };
		2A15A41728A372DB0024E8F8 /* DINPro.ttf */ = {isa = PBXFileReference; lastKnownFileType = file; path = DINPro.ttf; sourceTree = "<group>"; };
		2A15A41828A372DB0024E8F8 /* DINPro-CondensedMediumItalic.ttf */ = {isa = PBXFileReference; lastKnownFileType = file; path = "DINPro-CondensedMediumItalic.ttf"; sourceTree = "<group>"; };
		2A15A41928A3826F0024E8F8 /* SO-Form.css */ = {isa = PBXFileReference; lastKnownFileType = text.css; path = "SO-Form.css"; sourceTree = "<group>"; };
		2A9CAAFA289CDC1C0007BF08 /* WebviewTest.app */ = {isa = PBXFileReference; explicitFileType = wrapper.application; includeInIndex = 0; path = WebviewTest.app; sourceTree = BUILT_PRODUCTS_DIR; };
		2A9CAAFD289CDC1C0007BF08 /* AppDelegate.swift */ = {isa = PBXFileReference; lastKnownFileType = sourcecode.swift; path = AppDelegate.swift; sourceTree = "<group>"; };
		2A9CAAFF289CDC1C0007BF08 /* SceneDelegate.swift */ = {isa = PBXFileReference; lastKnownFileType = sourcecode.swift; path = SceneDelegate.swift; sourceTree = "<group>"; };
		2A9CAB01289CDC1C0007BF08 /* ViewController.swift */ = {isa = PBXFileReference; lastKnownFileType = sourcecode.swift; path = ViewController.swift; sourceTree = "<group>"; };
		2A9CAB04289CDC1C0007BF08 /* Base */ = {isa = PBXFileReference; lastKnownFileType = file.storyboard; name = Base; path = Base.lproj/Main.storyboard; sourceTree = "<group>"; };
		2A9CAB06289CDC1D0007BF08 /* Assets.xcassets */ = {isa = PBXFileReference; lastKnownFileType = folder.assetcatalog; path = Assets.xcassets; sourceTree = "<group>"; };
		2A9CAB09289CDC1D0007BF08 /* Base */ = {isa = PBXFileReference; lastKnownFileType = file.storyboard; name = Base; path = Base.lproj/LaunchScreen.storyboard; sourceTree = "<group>"; };
		2A9CAB0B289CDC1D0007BF08 /* Info.plist */ = {isa = PBXFileReference; lastKnownFileType = text.plist.xml; path = Info.plist; sourceTree = "<group>"; };
		2A9CAB10289CDC1E0007BF08 /* WebviewTestTests.xctest */ = {isa = PBXFileReference; explicitFileType = wrapper.cfbundle; includeInIndex = 0; path = WebviewTestTests.xctest; sourceTree = BUILT_PRODUCTS_DIR; };
		2A9CAB14289CDC1E0007BF08 /* WebviewTestTests.swift */ = {isa = PBXFileReference; lastKnownFileType = sourcecode.swift; path = WebviewTestTests.swift; sourceTree = "<group>"; };
		2A9CAB1A289CDC1E0007BF08 /* WebviewTestUITests.xctest */ = {isa = PBXFileReference; explicitFileType = wrapper.cfbundle; includeInIndex = 0; path = WebviewTestUITests.xctest; sourceTree = BUILT_PRODUCTS_DIR; };
		2A9CAB1E289CDC1E0007BF08 /* WebviewTestUITests.swift */ = {isa = PBXFileReference; lastKnownFileType = sourcecode.swift; path = WebviewTestUITests.swift; sourceTree = "<group>"; };
		2A9CAB20289CDC1E0007BF08 /* WebviewTestUITestsLaunchTests.swift */ = {isa = PBXFileReference; lastKnownFileType = sourcecode.swift; path = WebviewTestUITestsLaunchTests.swift; sourceTree = "<group>"; };
/* End PBXFileReference section */

/* Begin PBXFrameworksBuildPhase section */
		2A9CAAF7289CDC1C0007BF08 /* Frameworks */ = {
			isa = PBXFrameworksBuildPhase;
			buildActionMask = 2147483647;
			files = (
			);
			runOnlyForDeploymentPostprocessing = 0;
		};
		2A9CAB0D289CDC1E0007BF08 /* Frameworks */ = {
			isa = PBXFrameworksBuildPhase;
			buildActionMask = 2147483647;
			files = (
			);
			runOnlyForDeploymentPostprocessing = 0;
		};
		2A9CAB17289CDC1E0007BF08 /* Frameworks */ = {
			isa = PBXFrameworksBuildPhase;
			buildActionMask = 2147483647;
			files = (
			);
			runOnlyForDeploymentPostprocessing = 0;
		};
/* End PBXFrameworksBuildPhase section */

/* Begin PBXGroup section */
		2A9CAAF1289CDC1C0007BF08 = {
			isa = PBXGroup;
			children = (
				2A9CAAFC289CDC1C0007BF08 /* WebviewTest */,
				2A9CAB13289CDC1E0007BF08 /* WebviewTestTests */,
				2A9CAB1D289CDC1E0007BF08 /* WebviewTestUITests */,
				2A9CAAFB289CDC1C0007BF08 /* Products */,
			);
			sourceTree = "<group>";
		};
		2A9CAAFB289CDC1C0007BF08 /* Products */ = {
			isa = PBXGroup;
			children = (
				2A9CAAFA289CDC1C0007BF08 /* WebviewTest.app */,
				2A9CAB10289CDC1E0007BF08 /* WebviewTestTests.xctest */,
				2A9CAB1A289CDC1E0007BF08 /* WebviewTestUITests.xctest */,
			);
			name = Products;
			sourceTree = "<group>";
		};
		2A9CAAFC289CDC1C0007BF08 /* WebviewTest */ = {
			isa = PBXGroup;
			children = (
				2A15A40428A371B30024E8F8 /* D-DIN-PRO-Bold.otf */,
				2A15A40528A371B40024E8F8 /* D-DIN-PRO-Medium.otf */,
				2A15A40328A371B20024E8F8 /* D-DIN-PRO-Regular.otf */,
				2A15A41128A372DA0024E8F8 /* DINPro-Black.ttf */,
				2A15A40E28A372DA0024E8F8 /* DINPro-BlackItalic.ttf */,
				2A15A41028A372DA0024E8F8 /* DINPro-Bold.ttf */,
				2A15A41628A372DB0024E8F8 /* DINPro-CondensedBlack.ttf */,
				2A15A40628A372DA0024E8F8 /* DINPro-CondensedBlackItalic.ttf */,
				2A15A41228A372DA0024E8F8 /* DINPro-CondensedBold.ttf */,
				2A15A40A28A372DA0024E8F8 /* DINPro-CondensedBoldItalic.ttf */,
				2A15A40928A372DA0024E8F8 /* DINPro-CondensedItalic.ttf */,
				2A15A40F28A372DA0024E8F8 /* DINPro-CondensedLigh.ttf */,
				2A15A40728A372DA0024E8F8 /* DINPro-CondensedLightItalic.ttf */,
				2A15A41428A372DA0024E8F8 /* DINPro-CondensedMedium.ttf */,
				2A15A41828A372DB0024E8F8 /* DINPro-CondensedMediumItalic.ttf */,
				2A15A41328A372DA0024E8F8 /* DINPro-CondensedRegular.ttf */,
				2A15A40D28A372DA0024E8F8 /* DINPro-Italic.ttf */,
				2A15A41528A372DA0024E8F8 /* DINPro-Light.ttf */,
				2A15A40828A372DA0024E8F8 /* DINPro-LightItalic.ttf */,
				2A15A40B28A372DA0024E8F8 /* DINPro-Medium.ttf */,
				2A15A40C28A372DA0024E8F8 /* DINPro-MediumItalic.ttf */,
				2A15A41728A372DB0024E8F8 /* DINPro.ttf */,
				2A9CAAFD289CDC1C0007BF08 /* AppDelegate.swift */,
				2A9CAAFF289CDC1C0007BF08 /* SceneDelegate.swift */,
				2A9CAB01289CDC1C0007BF08 /* ViewController.swift */,
				2A9CAB03289CDC1C0007BF08 /* Main.storyboard */,
				2A9CAB06289CDC1D0007BF08 /* Assets.xcassets */,
				2A9CAB08289CDC1D0007BF08 /* LaunchScreen.storyboard */,
				2A9CAB0B289CDC1D0007BF08 /* Info.plist */,
				2A15A41928A3826F0024E8F8 /* SO-Form.css */,
				2A12C69528A4EAB9005A399B /* ExampleViewController.swift */,
			);
			path = WebviewTest;
			sourceTree = "<group>";
		};
		2A9CAB13289CDC1E0007BF08 /* WebviewTestTests */ = {
			isa = PBXGroup;
			children = (
				2A9CAB14289CDC1E0007BF08 /* WebviewTestTests.swift */,
			);
			path = WebviewTestTests;
			sourceTree = "<group>";
		};
		2A9CAB1D289CDC1E0007BF08 /* WebviewTestUITests */ = {
			isa = PBXGroup;
			children = (
				2A9CAB1E289CDC1E0007BF08 /* WebviewTestUITests.swift */,
				2A9CAB20289CDC1E0007BF08 /* WebviewTestUITestsLaunchTests.swift */,
			);
			path = WebviewTestUITests;
			sourceTree = "<group>";
		};
/* End PBXGroup section */

/* Begin PBXNativeTarget section */
		2A9CAAF9289CDC1C0007BF08 /* WebviewTest */ = {
			isa = PBXNativeTarget;
			buildConfigurationList = 2A9CAB24289CDC1E0007BF08 /* Build configuration list for PBXNativeTarget "WebviewTest" */;
			buildPhases = (
				2A9CAAF6289CDC1C0007BF08 /* Sources */,
				2A9CAAF7289CDC1C0007BF08 /* Frameworks */,
				2A9CAAF8289CDC1C0007BF08 /* Resources */,
			);
			buildRules = (
			);
			dependencies = (
			);
			name = WebviewTest;
			productName = WebviewTest;
			productReference = 2A9CAAFA289CDC1C0007BF08 /* WebviewTest.app */;
			productType = "com.apple.product-type.application";
		};
		2A9CAB0F289CDC1E0007BF08 /* WebviewTestTests */ = {
			isa = PBXNativeTarget;
			buildConfigurationList = 2A9CAB27289CDC1E0007BF08 /* Build configuration list for PBXNativeTarget "WebviewTestTests" */;
			buildPhases = (
				2A9CAB0C289CDC1E0007BF08 /* Sources */,
				2A9CAB0D289CDC1E0007BF08 /* Frameworks */,
				2A9CAB0E289CDC1E0007BF08 /* Resources */,
			);
			buildRules = (
			);
			dependencies = (
				2A9CAB12289CDC1E0007BF08 /* PBXTargetDependency */,
			);
			name = WebviewTestTests;
			productName = WebviewTestTests;
			productReference = 2A9CAB10289CDC1E0007BF08 /* WebviewTestTests.xctest */;
			productType = "com.apple.product-type.bundle.unit-test";
		};
		2A9CAB19289CDC1E0007BF08 /* WebviewTestUITests */ = {
			isa = PBXNativeTarget;
			buildConfigurationList = 2A9CAB2A289CDC1E0007BF08 /* Build configuration list for PBXNativeTarget "WebviewTestUITests" */;
			buildPhases = (
				2A9CAB16289CDC1E0007BF08 /* Sources */,
				2A9CAB17289CDC1E0007BF08 /* Frameworks */,
				2A9CAB18289CDC1E0007BF08 /* Resources */,
			);
			buildRules = (
			);
			dependencies = (
				2A9CAB1C289CDC1E0007BF08 /* PBXTargetDependency */,
			);
			name = WebviewTestUITests;
			productName = WebviewTestUITests;
			productReference = 2A9CAB1A289CDC1E0007BF08 /* WebviewTestUITests.xctest */;
			productType = "com.apple.product-type.bundle.ui-testing";
		};
/* End PBXNativeTarget section */

/* Begin PBXProject section */
		2A9CAAF2289CDC1C0007BF08 /* Project object */ = {
			isa = PBXProject;
			attributes = {
				BuildIndependentTargetsInParallel = 1;
				LastSwiftUpdateCheck = 1330;
				LastUpgradeCheck = 1330;
				TargetAttributes = {
					2A9CAAF9289CDC1C0007BF08 = {
						CreatedOnToolsVersion = 13.3;
					};
					2A9CAB0F289CDC1E0007BF08 = {
						CreatedOnToolsVersion = 13.3;
						TestTargetID = 2A9CAAF9289CDC1C0007BF08;
					};
					2A9CAB19289CDC1E0007BF08 = {
						CreatedOnToolsVersion = 13.3;
						TestTargetID = 2A9CAAF9289CDC1C0007BF08;
					};
				};
			};
			buildConfigurationList = 2A9CAAF5289CDC1C0007BF08 /* Build configuration list for PBXProject "WebviewTest" */;
			compatibilityVersion = "Xcode 13.0";
			developmentRegion = en;
			hasScannedForEncodings = 0;
			knownRegions = (
				en,
				Base,
			);
			mainGroup = 2A9CAAF1289CDC1C0007BF08;
			productRefGroup = 2A9CAAFB289CDC1C0007BF08 /* Products */;
			projectDirPath = "";
			projectRoot = "";
			targets = (
				2A9CAAF9289CDC1C0007BF08 /* WebviewTest */,
				2A9CAB0F289CDC1E0007BF08 /* WebviewTestTests */,
				2A9CAB19289CDC1E0007BF08 /* WebviewTestUITests */,
			);
		};
/* End PBXProject section */

/* Begin PBXResourcesBuildPhase section */
		2A9CAAF8289CDC1C0007BF08 /* Resources */ = {
			isa = PBXResourcesBuildPhase;
			buildActionMask = 2147483647;
			files = (
				2A9CAB0A289CDC1D0007BF08 /* LaunchScreen.storyboard in Resources */,
				2A15A41A28A3826F0024E8F8 /* SO-Form.css in Resources */,
				2A9CAB07289CDC1D0007BF08 /* Assets.xcassets in Resources */,
				2A9CAB05289CDC1C0007BF08 /* Main.storyboard in Resources */,
			);
			runOnlyForDeploymentPostprocessing = 0;
		};
		2A9CAB0E289CDC1E0007BF08 /* Resources */ = {
			isa = PBXResourcesBuildPhase;
			buildActionMask = 2147483647;
			files = (
			);
			runOnlyForDeploymentPostprocessing = 0;
		};
		2A9CAB18289CDC1E0007BF08 /* Resources */ = {
			isa = PBXResourcesBuildPhase;
			buildActionMask = 2147483647;
			files = (
			);
			runOnlyForDeploymentPostprocessing = 0;
		};
/* End PBXResourcesBuildPhase section */

/* Begin PBXSourcesBuildPhase section */
		2A9CAAF6289CDC1C0007BF08 /* Sources */ = {
			isa = PBXSourcesBuildPhase;
			buildActionMask = 2147483647;
			files = (
				2A9CAB02289CDC1C0007BF08 /* ViewController.swift in Sources */,
				2A12C69628A4EAB9005A399B /* ExampleViewController.swift in Sources */,
				2A9CAAFE289CDC1C0007BF08 /* AppDelegate.swift in Sources */,
				2A9CAB00289CDC1C0007BF08 /* SceneDelegate.swift in Sources */,
			);
			runOnlyForDeploymentPostprocessing = 0;
		};
		2A9CAB0C289CDC1E0007BF08 /* Sources */ = {
			isa = PBXSourcesBuildPhase;
			buildActionMask = 2147483647;
			files = (
				2A9CAB15289CDC1E0007BF08 /* WebviewTestTests.swift in Sources */,
			);
			runOnlyForDeploymentPostprocessing = 0;
		};
		2A9CAB16289CDC1E0007BF08 /* Sources */ = {
			isa = PBXSourcesBuildPhase;
			buildActionMask = 2147483647;
			files = (
				2A9CAB21289CDC1E0007BF08 /* WebviewTestUITestsLaunchTests.swift in Sources */,
				2A9CAB1F289CDC1E0007BF08 /* WebviewTestUITests.swift in Sources */,
			);
			runOnlyForDeploymentPostprocessing = 0;
		};
/* End PBXSourcesBuildPhase section */

/* Begin PBXTargetDependency section */
		2A9CAB12289CDC1E0007BF08 /* PBXTargetDependency */ = {
			isa = PBXTargetDependency;
			target = 2A9CAAF9289CDC1C0007BF08 /* WebviewTest */;
			targetProxy = 2A9CAB11289CDC1E0007BF08 /* PBXContainerItemProxy */;
		};
		2A9CAB1C289CDC1E0007BF08 /* PBXTargetDependency */ = {
			isa = PBXTargetDependency;
			target = 2A9CAAF9289CDC1C0007BF08 /* WebviewTest */;
			targetProxy = 2A9CAB1B289CDC1E0007BF08 /* PBXContainerItemProxy */;
		};
/* End PBXTargetDependency section */

/* Begin PBXVariantGroup section */
		2A9CAB03289CDC1C0007BF08 /* Main.storyboard */ = {
			isa = PBXVariantGroup;
			children = (
				2A9CAB04289CDC1C0007BF08 /* Base */,
			);
			name = Main.storyboard;
			sourceTree = "<group>";
		};
		2A9CAB08289CDC1D0007BF08 /* LaunchScreen.storyboard */ = {
			isa = PBXVariantGroup;
			children = (
				2A9CAB09289CDC1D0007BF08 /* Base */,
			);
			name = LaunchScreen.storyboard;
			sourceTree = "<group>";
		};
/* End PBXVariantGroup section */

/* Begin XCBuildConfiguration section */
		2A9CAB22289CDC1E0007BF08 /* Debug */ = {
			isa = XCBuildConfiguration;
			buildSettings = {
				ALWAYS_SEARCH_USER_PATHS = NO;
				CLANG_ANALYZER_NONNULL = YES;
				CLANG_ANALYZER_NUMBER_OBJECT_CONVERSION = YES_AGGRESSIVE;
				CLANG_CXX_LANGUAGE_STANDARD = "gnu++17";
				CLANG_ENABLE_MODULES = YES;
				CLANG_ENABLE_OBJC_ARC = YES;
				CLANG_ENABLE_OBJC_WEAK = YES;
				CLANG_WARN_BLOCK_CAPTURE_AUTORELEASING = YES;
				CLANG_WARN_BOOL_CONVERSION = YES;
				CLANG_WARN_COMMA = YES;
				CLANG_WARN_CONSTANT_CONVERSION = YES;
				CLANG_WARN_DEPRECATED_OBJC_IMPLEMENTATIONS = YES;
				CLANG_WARN_DIRECT_OBJC_ISA_USAGE = YES_ERROR;
				CLANG_WARN_DOCUMENTATION_COMMENTS = YES;
				CLANG_WARN_EMPTY_BODY = YES;
				CLANG_WARN_ENUM_CONVERSION = YES;
				CLANG_WARN_INFINITE_RECURSION = YES;
				CLANG_WARN_INT_CONVERSION = YES;
				CLANG_WARN_NON_LITERAL_NULL_CONVERSION = YES;
				CLANG_WARN_OBJC_IMPLICIT_RETAIN_SELF = YES;
				CLANG_WARN_OBJC_LITERAL_CONVERSION = YES;
				CLANG_WARN_OBJC_ROOT_CLASS = YES_ERROR;
				CLANG_WARN_QUOTED_INCLUDE_IN_FRAMEWORK_HEADER = YES;
				CLANG_WARN_RANGE_LOOP_ANALYSIS = YES;
				CLANG_WARN_STRICT_PROTOTYPES = YES;
				CLANG_WARN_SUSPICIOUS_MOVE = YES;
				CLANG_WARN_UNGUARDED_AVAILABILITY = YES_AGGRESSIVE;
				CLANG_WARN_UNREACHABLE_CODE = YES;
				CLANG_WARN__DUPLICATE_METHOD_MATCH = YES;
				COPY_PHASE_STRIP = NO;
				DEBUG_INFORMATION_FORMAT = dwarf;
				ENABLE_STRICT_OBJC_MSGSEND = YES;
				ENABLE_TESTABILITY = YES;
				GCC_C_LANGUAGE_STANDARD = gnu11;
				GCC_DYNAMIC_NO_PIC = NO;
				GCC_NO_COMMON_BLOCKS = YES;
				GCC_OPTIMIZATION_LEVEL = 0;
				GCC_PREPROCESSOR_DEFINITIONS = (
					"DEBUG=1",
					"$(inherited)",
				);
				GCC_WARN_64_TO_32_BIT_CONVERSION = YES;
				GCC_WARN_ABOUT_RETURN_TYPE = YES_ERROR;
				GCC_WARN_UNDECLARED_SELECTOR = YES;
				GCC_WARN_UNINITIALIZED_AUTOS = YES_AGGRESSIVE;
				GCC_WARN_UNUSED_FUNCTION = YES;
				GCC_WARN_UNUSED_VARIABLE = YES;
				IPHONEOS_DEPLOYMENT_TARGET = 15.4;
				MTL_ENABLE_DEBUG_INFO = INCLUDE_SOURCE;
				MTL_FAST_MATH = YES;
				ONLY_ACTIVE_ARCH = YES;
				SDKROOT = iphoneos;
				SWIFT_ACTIVE_COMPILATION_CONDITIONS = DEBUG;
				SWIFT_OPTIMIZATION_LEVEL = "-Onone";
			};
			name = Debug;
		};
		2A9CAB23289CDC1E0007BF08 /* Release */ = {
			isa = XCBuildConfiguration;
			buildSettings = {
				ALWAYS_SEARCH_USER_PATHS = NO;
				CLANG_ANALYZER_NONNULL = YES;
				CLANG_ANALYZER_NUMBER_OBJECT_CONVERSION = YES_AGGRESSIVE;
				CLANG_CXX_LANGUAGE_STANDARD = "gnu++17";
				CLANG_ENABLE_MODULES = YES;
				CLANG_ENABLE_OBJC_ARC = YES;
				CLANG_ENABLE_OBJC_WEAK = YES;
				CLANG_WARN_BLOCK_CAPTURE_AUTORELEASING = YES;
				CLANG_WARN_BOOL_CONVERSION = YES;
				CLANG_WARN_COMMA = YES;
				CLANG_WARN_CONSTANT_CONVERSION = YES;
				CLANG_WARN_DEPRECATED_OBJC_IMPLEMENTATIONS = YES;
				CLANG_WARN_DIRECT_OBJC_ISA_USAGE = YES_ERROR;
				CLANG_WARN_DOCUMENTATION_COMMENTS = YES;
				CLANG_WARN_EMPTY_BODY = YES;
				CLANG_WARN_ENUM_CONVERSION = YES;
				CLANG_WARN_INFINITE_RECURSION = YES;
				CLANG_WARN_INT_CONVERSION = YES;
				CLANG_WARN_NON_LITERAL_NULL_CONVERSION = YES;
				CLANG_WARN_OBJC_IMPLICIT_RETAIN_SELF = YES;
				CLANG_WARN_OBJC_LITERAL_CONVERSION = YES;
				CLANG_WARN_OBJC_ROOT_CLASS = YES_ERROR;
				CLANG_WARN_QUOTED_INCLUDE_IN_FRAMEWORK_HEADER = YES;
				CLANG_WARN_RANGE_LOOP_ANALYSIS = YES;
				CLANG_WARN_STRICT_PROTOTYPES = YES;
				CLANG_WARN_SUSPICIOUS_MOVE = YES;
				CLANG_WARN_UNGUARDED_AVAILABILITY = YES_AGGRESSIVE;
				CLANG_WARN_UNREACHABLE_CODE = YES;
				CLANG_WARN__DUPLICATE_METHOD_MATCH = YES;
				COPY_PHASE_STRIP = NO;
				DEBUG_INFORMATION_FORMAT = "dwarf-with-dsym";
				ENABLE_NS_ASSERTIONS = NO;
				ENABLE_STRICT_OBJC_MSGSEND = YES;
				GCC_C_LANGUAGE_STANDARD = gnu11;
				GCC_NO_COMMON_BLOCKS = YES;
				GCC_WARN_64_TO_32_BIT_CONVERSION = YES;
				GCC_WARN_ABOUT_RETURN_TYPE = YES_ERROR;
				GCC_WARN_UNDECLARED_SELECTOR = YES;
				GCC_WARN_UNINITIALIZED_AUTOS = YES_AGGRESSIVE;
				GCC_WARN_UNUSED_FUNCTION = YES;
				GCC_WARN_UNUSED_VARIABLE = YES;
				IPHONEOS_DEPLOYMENT_TARGET = 15.4;
				MTL_ENABLE_DEBUG_INFO = NO;
				MTL_FAST_MATH = YES;
				SDKROOT = iphoneos;
				SWIFT_COMPILATION_MODE = wholemodule;
				SWIFT_OPTIMIZATION_LEVEL = "-O";
				VALIDATE_PRODUCT = YES;
			};
			name = Release;
		};
		2A9CAB25289CDC1E0007BF08 /* Debug */ = {
			isa = XCBuildConfiguration;
			buildSettings = {
				ASSETCATALOG_COMPILER_APPICON_NAME = AppIcon;
				ASSETCATALOG_COMPILER_GLOBAL_ACCENT_COLOR_NAME = AccentColor;
				CODE_SIGN_STYLE = Automatic;
				CURRENT_PROJECT_VERSION = 1;
				GENERATE_INFOPLIST_FILE = YES;
				INFOPLIST_FILE = WebviewTest/Info.plist;
				INFOPLIST_KEY_UIApplicationSupportsIndirectInputEvents = YES;
				INFOPLIST_KEY_UILaunchStoryboardName = LaunchScreen;
				INFOPLIST_KEY_UIMainStoryboardFile = Main;
				INFOPLIST_KEY_UISupportedInterfaceOrientations_iPad = "UIInterfaceOrientationPortrait UIInterfaceOrientationPortraitUpsideDown UIInterfaceOrientationLandscapeLeft UIInterfaceOrientationLandscapeRight";
				INFOPLIST_KEY_UISupportedInterfaceOrientations_iPhone = "UIInterfaceOrientationPortrait UIInterfaceOrientationLandscapeLeft UIInterfaceOrientationLandscapeRight";
				LD_RUNPATH_SEARCH_PATHS = (
					"$(inherited)",
					"@executable_path/Frameworks",
				);
				MARKETING_VERSION = 1.0;
				PRODUCT_BUNDLE_IDENTIFIER = com.hoangnm.WebviewTest;
				PRODUCT_NAME = "$(TARGET_NAME)";
				SWIFT_EMIT_LOC_STRINGS = YES;
				SWIFT_VERSION = 5.0;
				TARGETED_DEVICE_FAMILY = "1,2";
			};
			name = Debug;
		};
		2A9CAB26289CDC1E0007BF08 /* Release */ = {
			isa = XCBuildConfiguration;
			buildSettings = {
				ASSETCATALOG_COMPILER_APPICON_NAME = AppIcon;
				ASSETCATALOG_COMPILER_GLOBAL_ACCENT_COLOR_NAME = AccentColor;
				CODE_SIGN_STYLE = Automatic;
				CURRENT_PROJECT_VERSION = 1;
				GENERATE_INFOPLIST_FILE = YES;
				INFOPLIST_FILE = WebviewTest/Info.plist;
				INFOPLIST_KEY_UIApplicationSupportsIndirectInputEvents = YES;
				INFOPLIST_KEY_UILaunchStoryboardName = LaunchScreen;
				INFOPLIST_KEY_UIMainStoryboardFile = Main;
				INFOPLIST_KEY_UISupportedInterfaceOrientations_iPad = "UIInterfaceOrientationPortrait UIInterfaceOrientationPortraitUpsideDown UIInterfaceOrientationLandscapeLeft UIInterfaceOrientationLandscapeRight";
				INFOPLIST_KEY_UISupportedInterfaceOrientations_iPhone = "UIInterfaceOrientationPortrait UIInterfaceOrientationLandscapeLeft UIInterfaceOrientationLandscapeRight";
				LD_RUNPATH_SEARCH_PATHS = (
					"$(inherited)",
					"@executable_path/Frameworks",
				);
				MARKETING_VERSION = 1.0;
				PRODUCT_BUNDLE_IDENTIFIER = com.hoangnm.WebviewTest;
				PRODUCT_NAME = "$(TARGET_NAME)";
				SWIFT_EMIT_LOC_STRINGS = YES;
				SWIFT_VERSION = 5.0;
				TARGETED_DEVICE_FAMILY = "1,2";
			};
			name = Release;
		};
		2A9CAB28289CDC1E0007BF08 /* Debug */ = {
			isa = XCBuildConfiguration;
			buildSettings = {
				ALWAYS_EMBED_SWIFT_STANDARD_LIBRARIES = YES;
				BUNDLE_LOADER = "$(TEST_HOST)";
				CODE_SIGN_STYLE = Automatic;
				CURRENT_PROJECT_VERSION = 1;
				GENERATE_INFOPLIST_FILE = YES;
				IPHONEOS_DEPLOYMENT_TARGET = 15.4;
				MARKETING_VERSION = 1.0;
				PRODUCT_BUNDLE_IDENTIFIER = com.hoangnm.WebviewTestTests;
				PRODUCT_NAME = "$(TARGET_NAME)";
				SWIFT_EMIT_LOC_STRINGS = NO;
				SWIFT_VERSION = 5.0;
				TARGETED_DEVICE_FAMILY = "1,2";
				TEST_HOST = "$(BUILT_PRODUCTS_DIR)/WebviewTest.app/WebviewTest";
			};
			name = Debug;
		};
		2A9CAB29289CDC1E0007BF08 /* Release */ = {
			isa = XCBuildConfiguration;
			buildSettings = {
				ALWAYS_EMBED_SWIFT_STANDARD_LIBRARIES = YES;
				BUNDLE_LOADER = "$(TEST_HOST)";
				CODE_SIGN_STYLE = Automatic;
				CURRENT_PROJECT_VERSION = 1;
				GENERATE_INFOPLIST_FILE = YES;
				IPHONEOS_DEPLOYMENT_TARGET = 15.4;
				MARKETING_VERSION = 1.0;
				PRODUCT_BUNDLE_IDENTIFIER = com.hoangnm.WebviewTestTests;
				PRODUCT_NAME = "$(TARGET_NAME)";
				SWIFT_EMIT_LOC_STRINGS = NO;
				SWIFT_VERSION = 5.0;
				TARGETED_DEVICE_FAMILY = "1,2";
				TEST_HOST = "$(BUILT_PRODUCTS_DIR)/WebviewTest.app/WebviewTest";
			};
			name = Release;
		};
		2A9CAB2B289CDC1E0007BF08 /* Debug */ = {
			isa = XCBuildConfiguration;
			buildSettings = {
				ALWAYS_EMBED_SWIFT_STANDARD_LIBRARIES = YES;
				CODE_SIGN_STYLE = Automatic;
				CURRENT_PROJECT_VERSION = 1;
				GENERATE_INFOPLIST_FILE = YES;
				MARKETING_VERSION = 1.0;
				PRODUCT_BUNDLE_IDENTIFIER = com.hoangnm.WebviewTestUITests;
				PRODUCT_NAME = "$(TARGET_NAME)";
				SWIFT_EMIT_LOC_STRINGS = NO;
				SWIFT_VERSION = 5.0;
				TARGETED_DEVICE_FAMILY = "1,2";
				TEST_TARGET_NAME = WebviewTest;
			};
			name = Debug;
		};
		2A9CAB2C289CDC1E0007BF08 /* Release */ = {
			isa = XCBuildConfiguration;
			buildSettings = {
				ALWAYS_EMBED_SWIFT_STANDARD_LIBRARIES = YES;
				CODE_SIGN_STYLE = Automatic;
				CURRENT_PROJECT_VERSION = 1;
				GENERATE_INFOPLIST_FILE = YES;
				MARKETING_VERSION = 1.0;
				PRODUCT_BUNDLE_IDENTIFIER = com.hoangnm.WebviewTestUITests;
				PRODUCT_NAME = "$(TARGET_NAME)";
				SWIFT_EMIT_LOC_STRINGS = NO;
				SWIFT_VERSION = 5.0;
				TARGETED_DEVICE_FAMILY = "1,2";
				TEST_TARGET_NAME = WebviewTest;
			};
			name = Release;
		};
/* End XCBuildConfiguration section */

/* Begin XCConfigurationList section */
		2A9CAAF5289CDC1C0007BF08 /* Build configuration list for PBXProject "WebviewTest" */ = {
			isa = XCConfigurationList;
			buildConfigurations = (
				2A9CAB22289CDC1E0007BF08 /* Debug */,
				2A9CAB23289CDC1E0007BF08 /* Release */,
			);
			defaultConfigurationIsVisible = 0;
			defaultConfigurationName = Release;
		};
		2A9CAB24289CDC1E0007BF08 /* Build configuration list for PBXNativeTarget "WebviewTest" */ = {
			isa = XCConfigurationList;
			buildConfigurations = (
				2A9CAB25289CDC1E0007BF08 /* Debug */,
				2A9CAB26289CDC1E0007BF08 /* Release */,
			);
			defaultConfigurationIsVisible = 0;
			defaultConfigurationName = Release;
		};
		2A9CAB27289CDC1E0007BF08 /* Build configuration list for PBXNativeTarget "WebviewTestTests" */ = {
			isa = XCConfigurationList;
			buildConfigurations = (
				2A9CAB28289CDC1E0007BF08 /* Debug */,
				2A9CAB29289CDC1E0007BF08 /* Release */,
			);
			defaultConfigurationIsVisible = 0;
			defaultConfigurationName = Release;
		};
		2A9CAB2A289CDC1E0007BF08 /* Build configuration list for PBXNativeTarget "WebviewTestUITests" */ = {
			isa = XCConfigurationList;
			buildConfigurations = (
				2A9CAB2B289CDC1E0007BF08 /* Debug */,
				2A9CAB2C289CDC1E0007BF08 /* Release */,
			);
			defaultConfigurationIsVisible = 0;
			defaultConfigurationName = Release;
		};
/* End XCConfigurationList section */
	};
	rootObject = 2A9CAAF2289CDC1C0007BF08 /* Project object */;
}
