// !$*UTF8*$!
{
	archiveVersion = 1;
	classes = {
	};
	objectVersion = 50;
	objects = {

/* Begin PBXBuildFile section */
		2A60DF732836301B00AFE8E4 /* MultiTableView.m in Sources */ = {isa = PBXBuildFile; fileRef = 2A60DF722836301B00AFE8E4 /* MultiTableView.m */; };
		2A60DF782836314900AFE8E4 /* ThemeSpinner.m in Sources */ = {isa = PBXBuildFile; fileRef = 2A60DF772836314900AFE8E4 /* ThemeSpinner.m */; };
		2A60DF7A283631AD00AFE8E4 /* H_MultiTableView.swift in Sources */ = {isa = PBXBuildFile; fileRef = 2A60DF79283631AD00AFE8E4 /* H_MultiTableView.swift */; };
		2A60DF7E28363F3700AFE8E4 /* MultiTableViewController.swift in Sources */ = {isa = PBXBuildFile; fileRef = 2A60DF7C28363F3700AFE8E4 /* MultiTableViewController.swift */; };
		2A60DF7F28363F3700AFE8E4 /* MultiTableViewController.xib in Resources */ = {isa = PBXBuildFile; fileRef = 2A60DF7D28363F3700AFE8E4 /* MultiTableViewController.xib */; };
		2A7D0CCD2713EB5D00642A2A /* HyperLinkViewController.swift in Sources */ = {isa = PBXBuildFile; fileRef = 2A7D0CCB2713EB5D00642A2A /* HyperLinkViewController.swift */; };
		2A7D0CCE2713EB5D00642A2A /* HyperLinkViewController.xib in Resources */ = {isa = PBXBuildFile; fileRef = 2A7D0CCC2713EB5D00642A2A /* HyperLinkViewController.xib */; };
		2A7D0CD02713EBA700642A2A /* Builder.swift in Sources */ = {isa = PBXBuildFile; fileRef = 2A7D0CCF2713EBA700642A2A /* Builder.swift */; };
		2A8061F2274DD25E00A9DE44 /* LabelViewController.swift in Sources */ = {isa = PBXBuildFile; fileRef = 2A8061F0274DD25D00A9DE44 /* LabelViewController.swift */; };
		2A8061F3274DD25E00A9DE44 /* LabelViewController.xib in Resources */ = {isa = PBXBuildFile; fileRef = 2A8061F1274DD25D00A9DE44 /* LabelViewController.xib */; };
		2A8061F7274DD88600A9DE44 /* CustomSegment.swift in Sources */ = {isa = PBXBuildFile; fileRef = 2A8061F6274DD88600A9DE44 /* CustomSegment.swift */; };
		2A85032E274DE141008616A0 /* AttributedStringBuilder.swift in Sources */ = {isa = PBXBuildFile; fileRef = 2A85032D274DE141008616A0 /* AttributedStringBuilder.swift */; };
		2A9A3FCA2713F05200FA0D9F /* CustomLabel.swift in Sources */ = {isa = PBXBuildFile; fileRef = 2A9A3FC92713F05200FA0D9F /* CustomLabel.swift */; };
		2A9E027126FEF70F00ACEEE4 /* AppDelegate.swift in Sources */ = {isa = PBXBuildFile; fileRef = 2A9E027026FEF70F00ACEEE4 /* AppDelegate.swift */; };
		2A9E027326FEF70F00ACEEE4 /* SceneDelegate.swift in Sources */ = {isa = PBXBuildFile; fileRef = 2A9E027226FEF70F00ACEEE4 /* SceneDelegate.swift */; };
		2A9E027526FEF70F00ACEEE4 /* ViewController.swift in Sources */ = {isa = PBXBuildFile; fileRef = 2A9E027426FEF70F00ACEEE4 /* ViewController.swift */; };
		2A9E027826FEF70F00ACEEE4 /* Main.storyboard in Resources */ = {isa = PBXBuildFile; fileRef = 2A9E027626FEF70F00ACEEE4 /* Main.storyboard */; };
		2A9E027A26FEF71100ACEEE4 /* Assets.xcassets in Resources */ = {isa = PBXBuildFile; fileRef = 2A9E027926FEF71100ACEEE4 /* Assets.xcassets */; };
		2A9E027D26FEF71100ACEEE4 /* LaunchScreen.storyboard in Resources */ = {isa = PBXBuildFile; fileRef = 2A9E027B26FEF71100ACEEE4 /* LaunchScreen.storyboard */; };
		2A9E028826FEF71100ACEEE4 /* CustomViewsTests.swift in Sources */ = {isa = PBXBuildFile; fileRef = 2A9E028726FEF71100ACEEE4 /* CustomViewsTests.swift */; };
		2A9E029326FEF71100ACEEE4 /* CustomViewsUITests.swift in Sources */ = {isa = PBXBuildFile; fileRef = 2A9E029226FEF71100ACEEE4 /* CustomViewsUITests.swift */; };
		2A9E02A326FEF75F00ACEEE4 /* SlideSegmentView.swift in Sources */ = {isa = PBXBuildFile; fileRef = 2A9E02A126FEF75F00ACEEE4 /* SlideSegmentView.swift */; };
		2A9E02A826FEF79100ACEEE4 /* SliderViewController.swift in Sources */ = {isa = PBXBuildFile; fileRef = 2A9E02A626FEF79100ACEEE4 /* SliderViewController.swift */; };
		2A9E02A926FEF79100ACEEE4 /* SliderViewController.xib in Resources */ = {isa = PBXBuildFile; fileRef = 2A9E02A726FEF79100ACEEE4 /* SliderViewController.xib */; };
		2A9E02AE26FEF7C500ACEEE4 /* View+Extension.swift in Sources */ = {isa = PBXBuildFile; fileRef = 2A9E02AD26FEF7C500ACEEE4 /* View+Extension.swift */; };
		2A9E02B226FF035200ACEEE4 /* SegmentTitleView.swift in Sources */ = {isa = PBXBuildFile; fileRef = 2A9E02B126FF035200ACEEE4 /* SegmentTitleView.swift */; };
		2A9E02B426FF035E00ACEEE4 /* SegmentTitleView.xib in Resources */ = {isa = PBXBuildFile; fileRef = 2A9E02B326FF035E00ACEEE4 /* SegmentTitleView.xib */; };
		2A9E02B826FF04DC00ACEEE4 /* TestTextFieldViewController.swift in Sources */ = {isa = PBXBuildFile; fileRef = 2A9E02B626FF04DC00ACEEE4 /* TestTextFieldViewController.swift */; };
		2A9E02B926FF04DC00ACEEE4 /* TestTextFieldViewController.xib in Resources */ = {isa = PBXBuildFile; fileRef = 2A9E02B726FF04DC00ACEEE4 /* TestTextFieldViewController.xib */; };
		2A9E02BC26FF051100ACEEE4 /* IncrementInputView.swift in Sources */ = {isa = PBXBuildFile; fileRef = 2A9E02BB26FF051100ACEEE4 /* IncrementInputView.swift */; };
		2A9E02BE26FF051C00ACEEE4 /* IncrementInputView.xib in Resources */ = {isa = PBXBuildFile; fileRef = 2A9E02BD26FF051C00ACEEE4 /* IncrementInputView.xib */; };
		2A9E02CC2701780900ACEEE4 /* TestTableViewCell.swift in Sources */ = {isa = PBXBuildFile; fileRef = 2A9E02CA2701780900ACEEE4 /* TestTableViewCell.swift */; };
		2A9E02CD2701780900ACEEE4 /* TestTableViewCell.xib in Resources */ = {isa = PBXBuildFile; fileRef = 2A9E02CB2701780900ACEEE4 /* TestTableViewCell.xib */; };
		2A9E02E42702B33E00ACEEE4 /* PopupViewController.swift in Sources */ = {isa = PBXBuildFile; fileRef = 2A9E02E22702B33E00ACEEE4 /* PopupViewController.swift */; };
		2A9E02E52702B33E00ACEEE4 /* PopupViewController.xib in Resources */ = {isa = PBXBuildFile; fileRef = 2A9E02E32702B33E00ACEEE4 /* PopupViewController.xib */; };
		2A9E02E82702B3F600ACEEE4 /* BasePopupViewController.swift in Sources */ = {isa = PBXBuildFile; fileRef = 2A9E02E62702B3F600ACEEE4 /* BasePopupViewController.swift */; };
		2A9E02E92702B3F600ACEEE4 /* BasePopupViewController.xib in Resources */ = {isa = PBXBuildFile; fileRef = 2A9E02E72702B3F600ACEEE4 /* BasePopupViewController.xib */; };
		2AC7E96A280E65B70061EF16 /* CTRun+Swift.swift in Sources */ = {isa = PBXBuildFile; fileRef = 2AC7E95E280E65B70061EF16 /* CTRun+Swift.swift */; };
		2AC7E96B280E65B70061EF16 /* CTStringAttribute.swift in Sources */ = {isa = PBXBuildFile; fileRef = 2AC7E95F280E65B70061EF16 /* CTStringAttribute.swift */; };
		2AC7E96C280E65B70061EF16 /* CTLine+Swift.swift in Sources */ = {isa = PBXBuildFile; fileRef = 2AC7E960280E65B70061EF16 /* CTLine+Swift.swift */; };
		2AC7E96D280E65B70061EF16 /* NSRange+Helpers.swift in Sources */ = {isa = PBXBuildFile; fileRef = 2AC7E961280E65B70061EF16 /* NSRange+Helpers.swift */; };
		2AC7E96E280E65B70061EF16 /* FontManager+Swift.swift in Sources */ = {isa = PBXBuildFile; fileRef = 2AC7E962280E65B70061EF16 /* FontManager+Swift.swift */; };
		2AC7E96F280E65B70061EF16 /* CTRubyAnnotation+Swift.swift in Sources */ = {isa = PBXBuildFile; fileRef = 2AC7E963280E65B70061EF16 /* CTRubyAnnotation+Swift.swift */; };
		2AC7E970280E65B70061EF16 /* CTFont+Swift.swift in Sources */ = {isa = PBXBuildFile; fileRef = 2AC7E964280E65B70061EF16 /* CTFont+Swift.swift */; };
		2AC7E971280E65B70061EF16 /* CTFrame+Swift.swift in Sources */ = {isa = PBXBuildFile; fileRef = 2AC7E965280E65B70061EF16 /* CTFrame+Swift.swift */; };
		2AC7E972280E65B70061EF16 /* Array+CGGlyph.swift in Sources */ = {isa = PBXBuildFile; fileRef = 2AC7E966280E65B70061EF16 /* Array+CGGlyph.swift */; };
		2AC7E973280E65B70061EF16 /* CTGlyphInfo+Swift.swift in Sources */ = {isa = PBXBuildFile; fileRef = 2AC7E967280E65B70061EF16 /* CTGlyphInfo+Swift.swift */; };
		2AC7E974280E65B70061EF16 /* CFAttributedString+CoreText.swift in Sources */ = {isa = PBXBuildFile; fileRef = 2AC7E968280E65B70061EF16 /* CFAttributedString+CoreText.swift */; };
		2AC7E975280E65B70061EF16 /* CTFramesetter+Swift.swift in Sources */ = {isa = PBXBuildFile; fileRef = 2AC7E969280E65B70061EF16 /* CTFramesetter+Swift.swift */; };
		2AF7A51D28164C60005E60AF /* TestStackViewController.swift in Sources */ = {isa = PBXBuildFile; fileRef = 2AF7A51B28164C60005E60AF /* TestStackViewController.swift */; };
		2AF7A51E28164C60005E60AF /* TestStackViewController.xib in Resources */ = {isa = PBXBuildFile; fileRef = 2AF7A51C28164C60005E60AF /* TestStackViewController.xib */; };
		2AF7A52028164C75005E60AF /* LabelSubView.swift in Sources */ = {isa = PBXBuildFile; fileRef = 2AF7A51F28164C75005E60AF /* LabelSubView.swift */; };
		2AF7A52228164C7E005E60AF /* LabelSubView.xib in Resources */ = {isa = PBXBuildFile; fileRef = 2AF7A52128164C7E005E60AF /* LabelSubView.xib */; };
		2AF7A52428164C8E005E60AF /* ConstrantSubView.swift in Sources */ = {isa = PBXBuildFile; fileRef = 2AF7A52328164C8E005E60AF /* ConstrantSubView.swift */; };
		2AF7A52628164C9B005E60AF /* ConstrantSubView.xib in Resources */ = {isa = PBXBuildFile; fileRef = 2AF7A52528164C9B005E60AF /* ConstrantSubView.xib */; };
/* End PBXBuildFile section */

/* Begin PBXContainerItemProxy section */
		2A9E028426FEF71100ACEEE4 /* PBXContainerItemProxy */ = {
			isa = PBXContainerItemProxy;
			containerPortal = 2A9E026526FEF70F00ACEEE4 /* Project object */;
			proxyType = 1;
			remoteGlobalIDString = 2A9E026C26FEF70F00ACEEE4;
			remoteInfo = CustomViews;
		};
		2A9E028F26FEF71100ACEEE4 /* PBXContainerItemProxy */ = {
			isa = PBXContainerItemProxy;
			containerPortal = 2A9E026526FEF70F00ACEEE4 /* Project object */;
			proxyType = 1;
			remoteGlobalIDString = 2A9E026C26FEF70F00ACEEE4;
			remoteInfo = CustomViews;
		};
/* End PBXContainerItemProxy section */

/* Begin PBXFileReference section */
		2A60DF702836301900AFE8E4 /* CustomViews-Bridging-Header.h */ = {isa = PBXFileReference; lastKnownFileType = sourcecode.c.h; path = "CustomViews-Bridging-Header.h"; sourceTree = "<group>"; };
		2A60DF712836301A00AFE8E4 /* MultiTableView.h */ = {isa = PBXFileReference; fileEncoding = 4; lastKnownFileType = sourcecode.c.h; path = MultiTableView.h; sourceTree = "<group>"; };
		2A60DF722836301B00AFE8E4 /* MultiTableView.m */ = {isa = PBXFileReference; fileEncoding = 4; lastKnownFileType = sourcecode.c.objc; path = MultiTableView.m; sourceTree = "<group>"; };
		2A60DF762836314800AFE8E4 /* ThemeSpinner.h */ = {isa = PBXFileReference; fileEncoding = 4; lastKnownFileType = sourcecode.c.h; path = ThemeSpinner.h; sourceTree = "<group>"; };
		2A60DF772836314900AFE8E4 /* ThemeSpinner.m */ = {isa = PBXFileReference; fileEncoding = 4; lastKnownFileType = sourcecode.c.objc; path = ThemeSpinner.m; sourceTree = "<group>"; };
		2A60DF79283631AD00AFE8E4 /* H_MultiTableView.swift */ = {isa = PBXFileReference; lastKnownFileType = sourcecode.swift; path = H_MultiTableView.swift; sourceTree = "<group>"; };
		2A60DF7C28363F3700AFE8E4 /* MultiTableViewController.swift */ = {isa = PBXFileReference; lastKnownFileType = sourcecode.swift; path = MultiTableViewController.swift; sourceTree = "<group>"; };
		2A60DF7D28363F3700AFE8E4 /* MultiTableViewController.xib */ = {isa = PBXFileReference; lastKnownFileType = file.xib; path = MultiTableViewController.xib; sourceTree = "<group>"; };
		2A7D0CCB2713EB5D00642A2A /* HyperLinkViewController.swift */ = {isa = PBXFileReference; lastKnownFileType = sourcecode.swift; path = HyperLinkViewController.swift; sourceTree = "<group>"; };
		2A7D0CCC2713EB5D00642A2A /* HyperLinkViewController.xib */ = {isa = PBXFileReference; lastKnownFileType = file.xib; path = HyperLinkViewController.xib; sourceTree = "<group>"; };
		2A7D0CCF2713EBA700642A2A /* Builder.swift */ = {isa = PBXFileReference; lastKnownFileType = sourcecode.swift; path = Builder.swift; sourceTree = "<group>"; };
		2A8061F0274DD25D00A9DE44 /* LabelViewController.swift */ = {isa = PBXFileReference; lastKnownFileType = sourcecode.swift; path = LabelViewController.swift; sourceTree = "<group>"; };
		2A8061F1274DD25D00A9DE44 /* LabelViewController.xib */ = {isa = PBXFileReference; lastKnownFileType = file.xib; path = LabelViewController.xib; sourceTree = "<group>"; };
		2A8061F6274DD88600A9DE44 /* CustomSegment.swift */ = {isa = PBXFileReference; lastKnownFileType = sourcecode.swift; path = CustomSegment.swift; sourceTree = "<group>"; };
		2A85032D274DE141008616A0 /* AttributedStringBuilder.swift */ = {isa = PBXFileReference; lastKnownFileType = sourcecode.swift; path = AttributedStringBuilder.swift; sourceTree = "<group>"; };
		2A9A3FC92713F05200FA0D9F /* CustomLabel.swift */ = {isa = PBXFileReference; lastKnownFileType = sourcecode.swift; path = CustomLabel.swift; sourceTree = "<group>"; };
		2A9E026D26FEF70F00ACEEE4 /* CustomViews.app */ = {isa = PBXFileReference; explicitFileType = wrapper.application; includeInIndex = 0; path = CustomViews.app; sourceTree = BUILT_PRODUCTS_DIR; };
		2A9E027026FEF70F00ACEEE4 /* AppDelegate.swift */ = {isa = PBXFileReference; lastKnownFileType = sourcecode.swift; path = AppDelegate.swift; sourceTree = "<group>"; };
		2A9E027226FEF70F00ACEEE4 /* SceneDelegate.swift */ = {isa = PBXFileReference; lastKnownFileType = sourcecode.swift; path = SceneDelegate.swift; sourceTree = "<group>"; };
		2A9E027426FEF70F00ACEEE4 /* ViewController.swift */ = {isa = PBXFileReference; lastKnownFileType = sourcecode.swift; path = ViewController.swift; sourceTree = "<group>"; };
		2A9E027726FEF70F00ACEEE4 /* Base */ = {isa = PBXFileReference; lastKnownFileType = file.storyboard; name = Base; path = Base.lproj/Main.storyboard; sourceTree = "<group>"; };
		2A9E027926FEF71100ACEEE4 /* Assets.xcassets */ = {isa = PBXFileReference; lastKnownFileType = folder.assetcatalog; path = Assets.xcassets; sourceTree = "<group>"; };
		2A9E027C26FEF71100ACEEE4 /* Base */ = {isa = PBXFileReference; lastKnownFileType = file.storyboard; name = Base; path = Base.lproj/LaunchScreen.storyboard; sourceTree = "<group>"; };
		2A9E027E26FEF71100ACEEE4 /* Info.plist */ = {isa = PBXFileReference; lastKnownFileType = text.plist.xml; path = Info.plist; sourceTree = "<group>"; };
		2A9E028326FEF71100ACEEE4 /* CustomViewsTests.xctest */ = {isa = PBXFileReference; explicitFileType = wrapper.cfbundle; includeInIndex = 0; path = CustomViewsTests.xctest; sourceTree = BUILT_PRODUCTS_DIR; };
		2A9E028726FEF71100ACEEE4 /* CustomViewsTests.swift */ = {isa = PBXFileReference; lastKnownFileType = sourcecode.swift; path = CustomViewsTests.swift; sourceTree = "<group>"; };
		2A9E028926FEF71100ACEEE4 /* Info.plist */ = {isa = PBXFileReference; lastKnownFileType = text.plist.xml; path = Info.plist; sourceTree = "<group>"; };
		2A9E028E26FEF71100ACEEE4 /* CustomViewsUITests.xctest */ = {isa = PBXFileReference; explicitFileType = wrapper.cfbundle; includeInIndex = 0; path = CustomViewsUITests.xctest; sourceTree = BUILT_PRODUCTS_DIR; };
		2A9E029226FEF71100ACEEE4 /* CustomViewsUITests.swift */ = {isa = PBXFileReference; lastKnownFileType = sourcecode.swift; path = CustomViewsUITests.swift; sourceTree = "<group>"; };
		2A9E029426FEF71100ACEEE4 /* Info.plist */ = {isa = PBXFileReference; lastKnownFileType = text.plist.xml; path = Info.plist; sourceTree = "<group>"; };
		2A9E02A126FEF75F00ACEEE4 /* SlideSegmentView.swift */ = {isa = PBXFileReference; fileEncoding = 4; lastKnownFileType = sourcecode.swift; path = SlideSegmentView.swift; sourceTree = "<group>"; };
		2A9E02A626FEF79100ACEEE4 /* SliderViewController.swift */ = {isa = PBXFileReference; lastKnownFileType = sourcecode.swift; path = SliderViewController.swift; sourceTree = "<group>"; };
		2A9E02A726FEF79100ACEEE4 /* SliderViewController.xib */ = {isa = PBXFileReference; lastKnownFileType = file.xib; path = SliderViewController.xib; sourceTree = "<group>"; };
		2A9E02AD26FEF7C500ACEEE4 /* View+Extension.swift */ = {isa = PBXFileReference; lastKnownFileType = sourcecode.swift; path = "View+Extension.swift"; sourceTree = "<group>"; };
		2A9E02B126FF035200ACEEE4 /* SegmentTitleView.swift */ = {isa = PBXFileReference; lastKnownFileType = sourcecode.swift; path = SegmentTitleView.swift; sourceTree = "<group>"; };
		2A9E02B326FF035E00ACEEE4 /* SegmentTitleView.xib */ = {isa = PBXFileReference; lastKnownFileType = file.xib; path = SegmentTitleView.xib; sourceTree = "<group>"; };
		2A9E02B626FF04DC00ACEEE4 /* TestTextFieldViewController.swift */ = {isa = PBXFileReference; lastKnownFileType = sourcecode.swift; path = TestTextFieldViewController.swift; sourceTree = "<group>"; };
		2A9E02B726FF04DC00ACEEE4 /* TestTextFieldViewController.xib */ = {isa = PBXFileReference; lastKnownFileType = file.xib; path = TestTextFieldViewController.xib; sourceTree = "<group>"; };
		2A9E02BB26FF051100ACEEE4 /* IncrementInputView.swift */ = {isa = PBXFileReference; lastKnownFileType = sourcecode.swift; path = IncrementInputView.swift; sourceTree = "<group>"; };
		2A9E02BD26FF051C00ACEEE4 /* IncrementInputView.xib */ = {isa = PBXFileReference; lastKnownFileType = file.xib; path = IncrementInputView.xib; sourceTree = "<group>"; };
		2A9E02CA2701780900ACEEE4 /* TestTableViewCell.swift */ = {isa = PBXFileReference; lastKnownFileType = sourcecode.swift; path = TestTableViewCell.swift; sourceTree = "<group>"; };
		2A9E02CB2701780900ACEEE4 /* TestTableViewCell.xib */ = {isa = PBXFileReference; lastKnownFileType = file.xib; path = TestTableViewCell.xib; sourceTree = "<group>"; };
		2A9E02E22702B33E00ACEEE4 /* PopupViewController.swift */ = {isa = PBXFileReference; lastKnownFileType = sourcecode.swift; path = PopupViewController.swift; sourceTree = "<group>"; };
		2A9E02E32702B33E00ACEEE4 /* PopupViewController.xib */ = {isa = PBXFileReference; lastKnownFileType = file.xib; path = PopupViewController.xib; sourceTree = "<group>"; };
		2A9E02E62702B3F600ACEEE4 /* BasePopupViewController.swift */ = {isa = PBXFileReference; lastKnownFileType = sourcecode.swift; path = BasePopupViewController.swift; sourceTree = "<group>"; };
		2A9E02E72702B3F600ACEEE4 /* BasePopupViewController.xib */ = {isa = PBXFileReference; lastKnownFileType = file.xib; path = BasePopupViewController.xib; sourceTree = "<group>"; };
		2AC7E95E280E65B70061EF16 /* CTRun+Swift.swift */ = {isa = PBXFileReference; fileEncoding = 4; lastKnownFileType = sourcecode.swift; path = "CTRun+Swift.swift"; sourceTree = "<group>"; };
		2AC7E95F280E65B70061EF16 /* CTStringAttribute.swift */ = {isa = PBXFileReference; fileEncoding = 4; lastKnownFileType = sourcecode.swift; path = CTStringAttribute.swift; sourceTree = "<group>"; };
		2AC7E960280E65B70061EF16 /* CTLine+Swift.swift */ = {isa = PBXFileReference; fileEncoding = 4; lastKnownFileType = sourcecode.swift; path = "CTLine+Swift.swift"; sourceTree = "<group>"; };
		2AC7E961280E65B70061EF16 /* NSRange+Helpers.swift */ = {isa = PBXFileReference; fileEncoding = 4; lastKnownFileType = sourcecode.swift; path = "NSRange+Helpers.swift"; sourceTree = "<group>"; };
		2AC7E962280E65B70061EF16 /* FontManager+Swift.swift */ = {isa = PBXFileReference; fileEncoding = 4; lastKnownFileType = sourcecode.swift; path = "FontManager+Swift.swift"; sourceTree = "<group>"; };
		2AC7E963280E65B70061EF16 /* CTRubyAnnotation+Swift.swift */ = {isa = PBXFileReference; fileEncoding = 4; lastKnownFileType = sourcecode.swift; path = "CTRubyAnnotation+Swift.swift"; sourceTree = "<group>"; };
		2AC7E964280E65B70061EF16 /* CTFont+Swift.swift */ = {isa = PBXFileReference; fileEncoding = 4; lastKnownFileType = sourcecode.swift; path = "CTFont+Swift.swift"; sourceTree = "<group>"; };
		2AC7E965280E65B70061EF16 /* CTFrame+Swift.swift */ = {isa = PBXFileReference; fileEncoding = 4; lastKnownFileType = sourcecode.swift; path = "CTFrame+Swift.swift"; sourceTree = "<group>"; };
		2AC7E966280E65B70061EF16 /* Array+CGGlyph.swift */ = {isa = PBXFileReference; fileEncoding = 4; lastKnownFileType = sourcecode.swift; path = "Array+CGGlyph.swift"; sourceTree = "<group>"; };
		2AC7E967280E65B70061EF16 /* CTGlyphInfo+Swift.swift */ = {isa = PBXFileReference; fileEncoding = 4; lastKnownFileType = sourcecode.swift; path = "CTGlyphInfo+Swift.swift"; sourceTree = "<group>"; };
		2AC7E968280E65B70061EF16 /* CFAttributedString+CoreText.swift */ = {isa = PBXFileReference; fileEncoding = 4; lastKnownFileType = sourcecode.swift; path = "CFAttributedString+CoreText.swift"; sourceTree = "<group>"; };
		2AC7E969280E65B70061EF16 /* CTFramesetter+Swift.swift */ = {isa = PBXFileReference; fileEncoding = 4; lastKnownFileType = sourcecode.swift; path = "CTFramesetter+Swift.swift"; sourceTree = "<group>"; };
		2AF7A51B28164C60005E60AF /* TestStackViewController.swift */ = {isa = PBXFileReference; lastKnownFileType = sourcecode.swift; path = TestStackViewController.swift; sourceTree = "<group>"; };
		2AF7A51C28164C60005E60AF /* TestStackViewController.xib */ = {isa = PBXFileReference; lastKnownFileType = file.xib; path = TestStackViewController.xib; sourceTree = "<group>"; };
		2AF7A51F28164C75005E60AF /* LabelSubView.swift */ = {isa = PBXFileReference; lastKnownFileType = sourcecode.swift; path = LabelSubView.swift; sourceTree = "<group>"; };
		2AF7A52128164C7E005E60AF /* LabelSubView.xib */ = {isa = PBXFileReference; lastKnownFileType = file.xib; path = LabelSubView.xib; sourceTree = "<group>"; };
		2AF7A52328164C8E005E60AF /* ConstrantSubView.swift */ = {isa = PBXFileReference; lastKnownFileType = sourcecode.swift; path = ConstrantSubView.swift; sourceTree = "<group>"; };
		2AF7A52528164C9B005E60AF /* ConstrantSubView.xib */ = {isa = PBXFileReference; lastKnownFileType = file.xib; path = ConstrantSubView.xib; sourceTree = "<group>"; };
/* End PBXFileReference section */

/* Begin PBXFrameworksBuildPhase section */
		2A9E026A26FEF70F00ACEEE4 /* Frameworks */ = {
			isa = PBXFrameworksBuildPhase;
			buildActionMask = 2147483647;
			files = (
			);
			runOnlyForDeploymentPostprocessing = 0;
		};
		2A9E028026FEF71100ACEEE4 /* Frameworks */ = {
			isa = PBXFrameworksBuildPhase;
			buildActionMask = 2147483647;
			files = (
			);
			runOnlyForDeploymentPostprocessing = 0;
		};
		2A9E028B26FEF71100ACEEE4 /* Frameworks */ = {
			isa = PBXFrameworksBuildPhase;
			buildActionMask = 2147483647;
			files = (
			);
			runOnlyForDeploymentPostprocessing = 0;
		};
/* End PBXFrameworksBuildPhase section */

/* Begin PBXGroup section */
		2A60DF6F2836300B00AFE8E4 /* MultiTableView */ = {
			isa = PBXGroup;
			children = (
				2A60DF712836301A00AFE8E4 /* MultiTableView.h */,
				2A60DF722836301B00AFE8E4 /* MultiTableView.m */,
				2A60DF762836314800AFE8E4 /* ThemeSpinner.h */,
				2A60DF772836314900AFE8E4 /* ThemeSpinner.m */,
				2A60DF702836301900AFE8E4 /* CustomViews-Bridging-Header.h */,
				2A60DF79283631AD00AFE8E4 /* H_MultiTableView.swift */,
				2A60DF7C28363F3700AFE8E4 /* MultiTableViewController.swift */,
				2A60DF7D28363F3700AFE8E4 /* MultiTableViewController.xib */,
			);
			path = MultiTableView;
			sourceTree = "<group>";
		};
		2A7D0CCA2713EB4200642A2A /* HyperLink */ = {
			isa = PBXGroup;
			children = (
				2A7D0CCB2713EB5D00642A2A /* HyperLinkViewController.swift */,
				2A7D0CCC2713EB5D00642A2A /* HyperLinkViewController.xib */,
				2A7D0CCF2713EBA700642A2A /* Builder.swift */,
				2A9A3FC92713F05200FA0D9F /* CustomLabel.swift */,
			);
			path = HyperLink;
			sourceTree = "<group>";
		};
		2A8061EF274DD24900A9DE44 /* TestLabel */ = {
			isa = PBXGroup;
			children = (
				2A8061F0274DD25D00A9DE44 /* LabelViewController.swift */,
				2A8061F1274DD25D00A9DE44 /* LabelViewController.xib */,
			);
			path = TestLabel;
			sourceTree = "<group>";
		};
		2A9E026426FEF70F00ACEEE4 = {
			isa = PBXGroup;
			children = (
				2A9E026F26FEF70F00ACEEE4 /* CustomViews */,
				2A9E028626FEF71100ACEEE4 /* CustomViewsTests */,
				2A9E029126FEF71100ACEEE4 /* CustomViewsUITests */,
				2A9E026E26FEF70F00ACEEE4 /* Products */,
			);
			sourceTree = "<group>";
		};
		2A9E026E26FEF70F00ACEEE4 /* Products */ = {
			isa = PBXGroup;
			children = (
				2A9E026D26FEF70F00ACEEE4 /* CustomViews.app */,
				2A9E028326FEF71100ACEEE4 /* CustomViewsTests.xctest */,
				2A9E028E26FEF71100ACEEE4 /* CustomViewsUITests.xctest */,
			);
			name = Products;
			sourceTree = "<group>";
		};
		2A9E026F26FEF70F00ACEEE4 /* CustomViews */ = {
			isa = PBXGroup;
			children = (
				2A60DF6F2836300B00AFE8E4 /* MultiTableView */,
				2AF7A51A28164C4C005E60AF /* StackView */,
				2AC7E95D280E65B70061EF16 /* CoreTextSwift */,
				2A8061EF274DD24900A9DE44 /* TestLabel */,
				2A7D0CCA2713EB4200642A2A /* HyperLink */,
				2A9E02E12702B32300ACEEE4 /* CustomPopup */,
				2A9E02C9270177F700ACEEE4 /* Cell */,
				2A9E02AC26FEF7B500ACEEE4 /* Extension */,
				2A9E02A026FEF74800ACEEE4 /* Slider */,
				2A9E02B526FF04BD00ACEEE4 /* TextField */,
				2A9E027026FEF70F00ACEEE4 /* AppDelegate.swift */,
				2A9E027226FEF70F00ACEEE4 /* SceneDelegate.swift */,
				2A9E027426FEF70F00ACEEE4 /* ViewController.swift */,
				2A9E027626FEF70F00ACEEE4 /* Main.storyboard */,
				2A9E027926FEF71100ACEEE4 /* Assets.xcassets */,
				2A9E027B26FEF71100ACEEE4 /* LaunchScreen.storyboard */,
				2A9E027E26FEF71100ACEEE4 /* Info.plist */,
			);
			path = CustomViews;
			sourceTree = "<group>";
		};
		2A9E028626FEF71100ACEEE4 /* CustomViewsTests */ = {
			isa = PBXGroup;
			children = (
				2A9E028726FEF71100ACEEE4 /* CustomViewsTests.swift */,
				2A9E028926FEF71100ACEEE4 /* Info.plist */,
			);
			path = CustomViewsTests;
			sourceTree = "<group>";
		};
		2A9E029126FEF71100ACEEE4 /* CustomViewsUITests */ = {
			isa = PBXGroup;
			children = (
				2A9E029226FEF71100ACEEE4 /* CustomViewsUITests.swift */,
				2A9E029426FEF71100ACEEE4 /* Info.plist */,
			);
			path = CustomViewsUITests;
			sourceTree = "<group>";
		};
		2A9E02A026FEF74800ACEEE4 /* Slider */ = {
			isa = PBXGroup;
			children = (
				2A9E02A526FEF77C00ACEEE4 /* SliderView */,
				2A9E02A626FEF79100ACEEE4 /* SliderViewController.swift */,
				2A9E02A726FEF79100ACEEE4 /* SliderViewController.xib */,
				2A9E02B126FF035200ACEEE4 /* SegmentTitleView.swift */,
				2A9E02B326FF035E00ACEEE4 /* SegmentTitleView.xib */,
			);
			path = Slider;
			sourceTree = "<group>";
		};
		2A9E02A526FEF77C00ACEEE4 /* SliderView */ = {
			isa = PBXGroup;
			children = (
				2A9E02A126FEF75F00ACEEE4 /* SlideSegmentView.swift */,
				2A8061F6274DD88600A9DE44 /* CustomSegment.swift */,
			);
			path = SliderView;
			sourceTree = "<group>";
		};
		2A9E02AC26FEF7B500ACEEE4 /* Extension */ = {
			isa = PBXGroup;
			children = (
				2A85032D274DE141008616A0 /* AttributedStringBuilder.swift */,
				2A9E02AD26FEF7C500ACEEE4 /* View+Extension.swift */,
			);
			path = Extension;
			sourceTree = "<group>";
		};
		2A9E02B526FF04BD00ACEEE4 /* TextField */ = {
			isa = PBXGroup;
			children = (
				2A9E02BA26FF04E000ACEEE4 /* CustomIncrementView */,
				2A9E02B626FF04DC00ACEEE4 /* TestTextFieldViewController.swift */,
				2A9E02B726FF04DC00ACEEE4 /* TestTextFieldViewController.xib */,
			);
			path = TextField;
			sourceTree = "<group>";
		};
		2A9E02BA26FF04E000ACEEE4 /* CustomIncrementView */ = {
			isa = PBXGroup;
			children = (
				2A9E02BB26FF051100ACEEE4 /* IncrementInputView.swift */,
				2A9E02BD26FF051C00ACEEE4 /* IncrementInputView.xib */,
			);
			path = CustomIncrementView;
			sourceTree = "<group>";
		};
		2A9E02C9270177F700ACEEE4 /* Cell */ = {
			isa = PBXGroup;
			children = (
				2A9E02CA2701780900ACEEE4 /* TestTableViewCell.swift */,
				2A9E02CB2701780900ACEEE4 /* TestTableViewCell.xib */,
			);
			path = Cell;
			sourceTree = "<group>";
		};
		2A9E02E12702B32300ACEEE4 /* CustomPopup */ = {
			isa = PBXGroup;
			children = (
				2A9E02E22702B33E00ACEEE4 /* PopupViewController.swift */,
				2A9E02E32702B33E00ACEEE4 /* PopupViewController.xib */,
				2A9E02E62702B3F600ACEEE4 /* BasePopupViewController.swift */,
				2A9E02E72702B3F600ACEEE4 /* BasePopupViewController.xib */,
			);
			path = CustomPopup;
			sourceTree = "<group>";
		};
		2AC7E95D280E65B70061EF16 /* CoreTextSwift */ = {
			isa = PBXGroup;
			children = (
				2AC7E95E280E65B70061EF16 /* CTRun+Swift.swift */,
				2AC7E95F280E65B70061EF16 /* CTStringAttribute.swift */,
				2AC7E960280E65B70061EF16 /* CTLine+Swift.swift */,
				2AC7E961280E65B70061EF16 /* NSRange+Helpers.swift */,
				2AC7E962280E65B70061EF16 /* FontManager+Swift.swift */,
				2AC7E963280E65B70061EF16 /* CTRubyAnnotation+Swift.swift */,
				2AC7E964280E65B70061EF16 /* CTFont+Swift.swift */,
				2AC7E965280E65B70061EF16 /* CTFrame+Swift.swift */,
				2AC7E966280E65B70061EF16 /* Array+CGGlyph.swift */,
				2AC7E967280E65B70061EF16 /* CTGlyphInfo+Swift.swift */,
				2AC7E968280E65B70061EF16 /* CFAttributedString+CoreText.swift */,
				2AC7E969280E65B70061EF16 /* CTFramesetter+Swift.swift */,
			);
			path = CoreTextSwift;
			sourceTree = "<group>";
		};
		2AF7A51A28164C4C005E60AF /* StackView */ = {
			isa = PBXGroup;
			children = (
				2AF7A51B28164C60005E60AF /* TestStackViewController.swift */,
				2AF7A51C28164C60005E60AF /* TestStackViewController.xib */,
				2AF7A51F28164C75005E60AF /* LabelSubView.swift */,
				2AF7A52128164C7E005E60AF /* LabelSubView.xib */,
				2AF7A52328164C8E005E60AF /* ConstrantSubView.swift */,
				2AF7A52528164C9B005E60AF /* ConstrantSubView.xib */,
			);
			path = StackView;
			sourceTree = "<group>";
		};
/* End PBXGroup section */

/* Begin PBXNativeTarget section */
		2A9E026C26FEF70F00ACEEE4 /* CustomViews */ = {
			isa = PBXNativeTarget;
			buildConfigurationList = 2A9E029726FEF71100ACEEE4 /* Build configuration list for PBXNativeTarget "CustomViews" */;
			buildPhases = (
				2A9E026926FEF70F00ACEEE4 /* Sources */,
				2A9E026A26FEF70F00ACEEE4 /* Frameworks */,
				2A9E026B26FEF70F00ACEEE4 /* Resources */,
			);
			buildRules = (
			);
			dependencies = (
			);
			name = CustomViews;
			productName = CustomViews;
			productReference = 2A9E026D26FEF70F00ACEEE4 /* CustomViews.app */;
			productType = "com.apple.product-type.application";
		};
		2A9E028226FEF71100ACEEE4 /* CustomViewsTests */ = {
			isa = PBXNativeTarget;
			buildConfigurationList = 2A9E029A26FEF71100ACEEE4 /* Build configuration list for PBXNativeTarget "CustomViewsTests" */;
			buildPhases = (
				2A9E027F26FEF71100ACEEE4 /* Sources */,
				2A9E028026FEF71100ACEEE4 /* Frameworks */,
				2A9E028126FEF71100ACEEE4 /* Resources */,
			);
			buildRules = (
			);
			dependencies = (
				2A9E028526FEF71100ACEEE4 /* PBXTargetDependency */,
			);
			name = CustomViewsTests;
			productName = CustomViewsTests;
			productReference = 2A9E028326FEF71100ACEEE4 /* CustomViewsTests.xctest */;
			productType = "com.apple.product-type.bundle.unit-test";
		};
		2A9E028D26FEF71100ACEEE4 /* CustomViewsUITests */ = {
			isa = PBXNativeTarget;
			buildConfigurationList = 2A9E029D26FEF71100ACEEE4 /* Build configuration list for PBXNativeTarget "CustomViewsUITests" */;
			buildPhases = (
				2A9E028A26FEF71100ACEEE4 /* Sources */,
				2A9E028B26FEF71100ACEEE4 /* Frameworks */,
				2A9E028C26FEF71100ACEEE4 /* Resources */,
			);
			buildRules = (
			);
			dependencies = (
				2A9E029026FEF71100ACEEE4 /* PBXTargetDependency */,
			);
			name = CustomViewsUITests;
			productName = CustomViewsUITests;
			productReference = 2A9E028E26FEF71100ACEEE4 /* CustomViewsUITests.xctest */;
			productType = "com.apple.product-type.bundle.ui-testing";
		};
/* End PBXNativeTarget section */

/* Begin PBXProject section */
		2A9E026526FEF70F00ACEEE4 /* Project object */ = {
			isa = PBXProject;
			attributes = {
				LastSwiftUpdateCheck = 1250;
				LastUpgradeCheck = 1250;
				TargetAttributes = {
					2A9E026C26FEF70F00ACEEE4 = {
						CreatedOnToolsVersion = 12.5;
						LastSwiftMigration = 1330;
					};
					2A9E028226FEF71100ACEEE4 = {
						CreatedOnToolsVersion = 12.5;
						TestTargetID = 2A9E026C26FEF70F00ACEEE4;
					};
					2A9E028D26FEF71100ACEEE4 = {
						CreatedOnToolsVersion = 12.5;
						TestTargetID = 2A9E026C26FEF70F00ACEEE4;
					};
				};
			};
			buildConfigurationList = 2A9E026826FEF70F00ACEEE4 /* Build configuration list for PBXProject "CustomViews" */;
			compatibilityVersion = "Xcode 9.3";
			developmentRegion = en;
			hasScannedForEncodings = 0;
			knownRegions = (
				en,
				Base,
			);
			mainGroup = 2A9E026426FEF70F00ACEEE4;
			productRefGroup = 2A9E026E26FEF70F00ACEEE4 /* Products */;
			projectDirPath = "";
			projectRoot = "";
			targets = (
				2A9E026C26FEF70F00ACEEE4 /* CustomViews */,
				2A9E028226FEF71100ACEEE4 /* CustomViewsTests */,
				2A9E028D26FEF71100ACEEE4 /* CustomViewsUITests */,
			);
		};
/* End PBXProject section */

/* Begin PBXResourcesBuildPhase section */
		2A9E026B26FEF70F00ACEEE4 /* Resources */ = {
			isa = PBXResourcesBuildPhase;
			buildActionMask = 2147483647;
			files = (
				2A9E02B926FF04DC00ACEEE4 /* TestTextFieldViewController.xib in Resources */,
				2A7D0CCE2713EB5D00642A2A /* HyperLinkViewController.xib in Resources */,
				2A9E02B426FF035E00ACEEE4 /* SegmentTitleView.xib in Resources */,
				2A9E02CD2701780900ACEEE4 /* TestTableViewCell.xib in Resources */,
				2AF7A52228164C7E005E60AF /* LabelSubView.xib in Resources */,
				2A9E027D26FEF71100ACEEE4 /* LaunchScreen.storyboard in Resources */,
				2A9E02A926FEF79100ACEEE4 /* SliderViewController.xib in Resources */,
				2A9E027A26FEF71100ACEEE4 /* Assets.xcassets in Resources */,
				2A9E02E52702B33E00ACEEE4 /* PopupViewController.xib in Resources */,
				2A9E027826FEF70F00ACEEE4 /* Main.storyboard in Resources */,
				2AF7A51E28164C60005E60AF /* TestStackViewController.xib in Resources */,
				2AF7A52628164C9B005E60AF /* ConstrantSubView.xib in Resources */,
				2A9E02BE26FF051C00ACEEE4 /* IncrementInputView.xib in Resources */,
				2A8061F3274DD25E00A9DE44 /* LabelViewController.xib in Resources */,
				2A9E02E92702B3F600ACEEE4 /* BasePopupViewController.xib in Resources */,
				2A60DF7F28363F3700AFE8E4 /* MultiTableViewController.xib in Resources */,
			);
			runOnlyForDeploymentPostprocessing = 0;
		};
		2A9E028126FEF71100ACEEE4 /* Resources */ = {
			isa = PBXResourcesBuildPhase;
			buildActionMask = 2147483647;
			files = (
			);
			runOnlyForDeploymentPostprocessing = 0;
		};
		2A9E028C26FEF71100ACEEE4 /* Resources */ = {
			isa = PBXResourcesBuildPhase;
			buildActionMask = 2147483647;
			files = (
			);
			runOnlyForDeploymentPostprocessing = 0;
		};
/* End PBXResourcesBuildPhase section */

/* Begin PBXSourcesBuildPhase section */
		2A9E026926FEF70F00ACEEE4 /* Sources */ = {
			isa = PBXSourcesBuildPhase;
			buildActionMask = 2147483647;
			files = (
				2A9E02E42702B33E00ACEEE4 /* PopupViewController.swift in Sources */,
				2A9A3FCA2713F05200FA0D9F /* CustomLabel.swift in Sources */,
				2AF7A52428164C8E005E60AF /* ConstrantSubView.swift in Sources */,
				2AC7E970280E65B70061EF16 /* CTFont+Swift.swift in Sources */,
				2A8061F7274DD88600A9DE44 /* CustomSegment.swift in Sources */,
				2AC7E96F280E65B70061EF16 /* CTRubyAnnotation+Swift.swift in Sources */,
				2A9E02A326FEF75F00ACEEE4 /* SlideSegmentView.swift in Sources */,
				2A60DF782836314900AFE8E4 /* ThemeSpinner.m in Sources */,
				2A85032E274DE141008616A0 /* AttributedStringBuilder.swift in Sources */,
				2A8061F2274DD25E00A9DE44 /* LabelViewController.swift in Sources */,
				2A9E02A826FEF79100ACEEE4 /* SliderViewController.swift in Sources */,
				2A9E027526FEF70F00ACEEE4 /* ViewController.swift in Sources */,
				2AC7E96A280E65B70061EF16 /* CTRun+Swift.swift in Sources */,
				2A9E02BC26FF051100ACEEE4 /* IncrementInputView.swift in Sources */,
				2A9E02B226FF035200ACEEE4 /* SegmentTitleView.swift in Sources */,
				2AC7E973280E65B70061EF16 /* CTGlyphInfo+Swift.swift in Sources */,
				2AC7E96E280E65B70061EF16 /* FontManager+Swift.swift in Sources */,
				2AC7E975280E65B70061EF16 /* CTFramesetter+Swift.swift in Sources */,
				2A60DF732836301B00AFE8E4 /* MultiTableView.m in Sources */,
				2A9E02B826FF04DC00ACEEE4 /* TestTextFieldViewController.swift in Sources */,
				2A9E027126FEF70F00ACEEE4 /* AppDelegate.swift in Sources */,
				2AF7A52028164C75005E60AF /* LabelSubView.swift in Sources */,
				2AC7E974280E65B70061EF16 /* CFAttributedString+CoreText.swift in Sources */,
				2A9E02AE26FEF7C500ACEEE4 /* View+Extension.swift in Sources */,
				2AC7E972280E65B70061EF16 /* Array+CGGlyph.swift in Sources */,
				2AC7E96C280E65B70061EF16 /* CTLine+Swift.swift in Sources */,
				2AC7E971280E65B70061EF16 /* CTFrame+Swift.swift in Sources */,
				2A7D0CD02713EBA700642A2A /* Builder.swift in Sources */,
				2AF7A51D28164C60005E60AF /* TestStackViewController.swift in Sources */,
				2A9E027326FEF70F00ACEEE4 /* SceneDelegate.swift in Sources */,
				2AC7E96B280E65B70061EF16 /* CTStringAttribute.swift in Sources */,
				2AC7E96D280E65B70061EF16 /* NSRange+Helpers.swift in Sources */,
				2A9E02E82702B3F600ACEEE4 /* BasePopupViewController.swift in Sources */,
				2A7D0CCD2713EB5D00642A2A /* HyperLinkViewController.swift in Sources */,
				2A60DF7A283631AD00AFE8E4 /* H_MultiTableView.swift in Sources */,
				2A60DF7E28363F3700AFE8E4 /* MultiTableViewController.swift in Sources */,
				2A9E02CC2701780900ACEEE4 /* TestTableViewCell.swift in Sources */,
			);
			runOnlyForDeploymentPostprocessing = 0;
		};
		2A9E027F26FEF71100ACEEE4 /* Sources */ = {
			isa = PBXSourcesBuildPhase;
			buildActionMask = 2147483647;
			files = (
				2A9E028826FEF71100ACEEE4 /* CustomViewsTests.swift in Sources */,
			);
			runOnlyForDeploymentPostprocessing = 0;
		};
		2A9E028A26FEF71100ACEEE4 /* Sources */ = {
			isa = PBXSourcesBuildPhase;
			buildActionMask = 2147483647;
			files = (
				2A9E029326FEF71100ACEEE4 /* CustomViewsUITests.swift in Sources */,
			);
			runOnlyForDeploymentPostprocessing = 0;
		};
/* End PBXSourcesBuildPhase section */

/* Begin PBXTargetDependency section */
		2A9E028526FEF71100ACEEE4 /* PBXTargetDependency */ = {
			isa = PBXTargetDependency;
			target = 2A9E026C26FEF70F00ACEEE4 /* CustomViews */;
			targetProxy = 2A9E028426FEF71100ACEEE4 /* PBXContainerItemProxy */;
		};
		2A9E029026FEF71100ACEEE4 /* PBXTargetDependency */ = {
			isa = PBXTargetDependency;
			target = 2A9E026C26FEF70F00ACEEE4 /* CustomViews */;
			targetProxy = 2A9E028F26FEF71100ACEEE4 /* PBXContainerItemProxy */;
		};
/* End PBXTargetDependency section */

/* Begin PBXVariantGroup section */
		2A9E027626FEF70F00ACEEE4 /* Main.storyboard */ = {
			isa = PBXVariantGroup;
			children = (
				2A9E027726FEF70F00ACEEE4 /* Base */,
			);
			name = Main.storyboard;
			sourceTree = "<group>";
		};
		2A9E027B26FEF71100ACEEE4 /* LaunchScreen.storyboard */ = {
			isa = PBXVariantGroup;
			children = (
				2A9E027C26FEF71100ACEEE4 /* Base */,
			);
			name = LaunchScreen.storyboard;
			sourceTree = "<group>";
		};
/* End PBXVariantGroup section */

/* Begin XCBuildConfiguration section */
		2A9E029526FEF71100ACEEE4 /* Debug */ = {
			isa = XCBuildConfiguration;
			buildSettings = {
				ALWAYS_SEARCH_USER_PATHS = NO;
				CLANG_ANALYZER_NONNULL = YES;
				CLANG_ANALYZER_NUMBER_OBJECT_CONVERSION = YES_AGGRESSIVE;
				CLANG_CXX_LANGUAGE_STANDARD = "gnu++14";
				CLANG_CXX_LIBRARY = "libc++";
				CLANG_ENABLE_MODULES = YES;
				CLANG_ENABLE_OBJC_ARC = YES;
				CLANG_ENABLE_OBJC_WEAK = YES;
				CLANG_WARN_BLOCK_CAPTURE_AUTORELEASING = YES;
				CLANG_WARN_BOOL_CONVERSION = YES;
				CLANG_WARN_COMMA = YES;
				CLANG_WARN_CONSTANT_CONVERSION = YES;
				CLANG_WARN_DEPRECATED_OBJC_IMPLEMENTATIONS = YES;
				CLANG_WARN_DIRECT_OBJC_ISA_USAGE = YES_ERROR;
				CLANG_WARN_DOCUMENTATION_COMMENTS = YES;
				CLANG_WARN_EMPTY_BODY = YES;
				CLANG_WARN_ENUM_CONVERSION = YES;
				CLANG_WARN_INFINITE_RECURSION = YES;
				CLANG_WARN_INT_CONVERSION = YES;
				CLANG_WARN_NON_LITERAL_NULL_CONVERSION = YES;
				CLANG_WARN_OBJC_IMPLICIT_RETAIN_SELF = YES;
				CLANG_WARN_OBJC_LITERAL_CONVERSION = YES;
				CLANG_WARN_OBJC_ROOT_CLASS = YES_ERROR;
				CLANG_WARN_QUOTED_INCLUDE_IN_FRAMEWORK_HEADER = YES;
				CLANG_WARN_RANGE_LOOP_ANALYSIS = YES;
				CLANG_WARN_STRICT_PROTOTYPES = YES;
				CLANG_WARN_SUSPICIOUS_MOVE = YES;
				CLANG_WARN_UNGUARDED_AVAILABILITY = YES_AGGRESSIVE;
				CLANG_WARN_UNREACHABLE_CODE = YES;
				CLANG_WARN__DUPLICATE_METHOD_MATCH = YES;
				COPY_PHASE_STRIP = NO;
				DEBUG_INFORMATION_FORMAT = dwarf;
				ENABLE_STRICT_OBJC_MSGSEND = YES;
				ENABLE_TESTABILITY = YES;
				GCC_C_LANGUAGE_STANDARD = gnu11;
				GCC_DYNAMIC_NO_PIC = NO;
				GCC_NO_COMMON_BLOCKS = YES;
				GCC_OPTIMIZATION_LEVEL = 0;
				GCC_PREPROCESSOR_DEFINITIONS = (
					"DEBUG=1",
					"$(inherited)",
				);
				GCC_WARN_64_TO_32_BIT_CONVERSION = YES;
				GCC_WARN_ABOUT_RETURN_TYPE = YES_ERROR;
				GCC_WARN_UNDECLARED_SELECTOR = YES;
				GCC_WARN_UNINITIALIZED_AUTOS = YES_AGGRESSIVE;
				GCC_WARN_UNUSED_FUNCTION = YES;
				GCC_WARN_UNUSED_VARIABLE = YES;
				IPHONEOS_DEPLOYMENT_TARGET = 14.5;
				MTL_ENABLE_DEBUG_INFO = INCLUDE_SOURCE;
				MTL_FAST_MATH = YES;
				ONLY_ACTIVE_ARCH = YES;
				SDKROOT = iphoneos;
				SWIFT_ACTIVE_COMPILATION_CONDITIONS = DEBUG;
				SWIFT_OPTIMIZATION_LEVEL = "-Onone";
			};
			name = Debug;
		};
		2A9E029626FEF71100ACEEE4 /* Release */ = {
			isa = XCBuildConfiguration;
			buildSettings = {
				ALWAYS_SEARCH_USER_PATHS = NO;
				CLANG_ANALYZER_NONNULL = YES;
				CLANG_ANALYZER_NUMBER_OBJECT_CONVERSION = YES_AGGRESSIVE;
				CLANG_CXX_LANGUAGE_STANDARD = "gnu++14";
				CLANG_CXX_LIBRARY = "libc++";
				CLANG_ENABLE_MODULES = YES;
				CLANG_ENABLE_OBJC_ARC = YES;
				CLANG_ENABLE_OBJC_WEAK = YES;
				CLANG_WARN_BLOCK_CAPTURE_AUTORELEASING = YES;
				CLANG_WARN_BOOL_CONVERSION = YES;
				CLANG_WARN_COMMA = YES;
				CLANG_WARN_CONSTANT_CONVERSION = YES;
				CLANG_WARN_DEPRECATED_OBJC_IMPLEMENTATIONS = YES;
				CLANG_WARN_DIRECT_OBJC_ISA_USAGE = YES_ERROR;
				CLANG_WARN_DOCUMENTATION_COMMENTS = YES;
				CLANG_WARN_EMPTY_BODY = YES;
				CLANG_WARN_ENUM_CONVERSION = YES;
				CLANG_WARN_INFINITE_RECURSION = YES;
				CLANG_WARN_INT_CONVERSION = YES;
				CLANG_WARN_NON_LITERAL_NULL_CONVERSION = YES;
				CLANG_WARN_OBJC_IMPLICIT_RETAIN_SELF = YES;
				CLANG_WARN_OBJC_LITERAL_CONVERSION = YES;
				CLANG_WARN_OBJC_ROOT_CLASS = YES_ERROR;
				CLANG_WARN_QUOTED_INCLUDE_IN_FRAMEWORK_HEADER = YES;
				CLANG_WARN_RANGE_LOOP_ANALYSIS = YES;
				CLANG_WARN_STRICT_PROTOTYPES = YES;
				CLANG_WARN_SUSPICIOUS_MOVE = YES;
				CLANG_WARN_UNGUARDED_AVAILABILITY = YES_AGGRESSIVE;
				CLANG_WARN_UNREACHABLE_CODE = YES;
				CLANG_WARN__DUPLICATE_METHOD_MATCH = YES;
				COPY_PHASE_STRIP = NO;
				DEBUG_INFORMATION_FORMAT = "dwarf-with-dsym";
				ENABLE_NS_ASSERTIONS = NO;
				ENABLE_STRICT_OBJC_MSGSEND = YES;
				GCC_C_LANGUAGE_STANDARD = gnu11;
				GCC_NO_COMMON_BLOCKS = YES;
				GCC_WARN_64_TO_32_BIT_CONVERSION = YES;
				GCC_WARN_ABOUT_RETURN_TYPE = YES_ERROR;
				GCC_WARN_UNDECLARED_SELECTOR = YES;
				GCC_WARN_UNINITIALIZED_AUTOS = YES_AGGRESSIVE;
				GCC_WARN_UNUSED_FUNCTION = YES;
				GCC_WARN_UNUSED_VARIABLE = YES;
				IPHONEOS_DEPLOYMENT_TARGET = 14.5;
				MTL_ENABLE_DEBUG_INFO = NO;
				MTL_FAST_MATH = YES;
				SDKROOT = iphoneos;
				SWIFT_COMPILATION_MODE = wholemodule;
				SWIFT_OPTIMIZATION_LEVEL = "-O";
				VALIDATE_PRODUCT = YES;
			};
			name = Release;
		};
		2A9E029826FEF71100ACEEE4 /* Debug */ = {
			isa = XCBuildConfiguration;
			buildSettings = {
				ASSETCATALOG_COMPILER_APPICON_NAME = AppIcon;
				ASSETCATALOG_COMPILER_GLOBAL_ACCENT_COLOR_NAME = AccentColor;
				CLANG_ENABLE_MODULES = YES;
				CODE_SIGN_STYLE = Automatic;
				INFOPLIST_FILE = CustomViews/Info.plist;
				LD_RUNPATH_SEARCH_PATHS = (
					"$(inherited)",
					"@executable_path/Frameworks",
				);
				PRODUCT_BUNDLE_IDENTIFIER = hoangnm.CustomViews;
				PRODUCT_NAME = "$(TARGET_NAME)";
				SWIFT_OBJC_BRIDGING_HEADER = "CustomViews/MultiTableView/CustomViews-Bridging-Header.h";
				SWIFT_OPTIMIZATION_LEVEL = "-Onone";
				SWIFT_VERSION = 5.0;
				TARGETED_DEVICE_FAMILY = "1,2";
			};
			name = Debug;
		};
		2A9E029926FEF71100ACEEE4 /* Release */ = {
			isa = XCBuildConfiguration;
			buildSettings = {
				ASSETCATALOG_COMPILER_APPICON_NAME = AppIcon;
				ASSETCATALOG_COMPILER_GLOBAL_ACCENT_COLOR_NAME = AccentColor;
				CLANG_ENABLE_MODULES = YES;
				CODE_SIGN_STYLE = Automatic;
				INFOPLIST_FILE = CustomViews/Info.plist;
				LD_RUNPATH_SEARCH_PATHS = (
					"$(inherited)",
					"@executable_path/Frameworks",
				);
				PRODUCT_BUNDLE_IDENTIFIER = hoangnm.CustomViews;
				PRODUCT_NAME = "$(TARGET_NAME)";
				SWIFT_OBJC_BRIDGING_HEADER = "CustomViews/MultiTableView/CustomViews-Bridging-Header.h";
				SWIFT_VERSION = 5.0;
				TARGETED_DEVICE_FAMILY = "1,2";
			};
			name = Release;
		};
		2A9E029B26FEF71100ACEEE4 /* Debug */ = {
			isa = XCBuildConfiguration;
			buildSettings = {
				ALWAYS_EMBED_SWIFT_STANDARD_LIBRARIES = YES;
				BUNDLE_LOADER = "$(TEST_HOST)";
				CODE_SIGN_STYLE = Automatic;
				INFOPLIST_FILE = CustomViewsTests/Info.plist;
				IPHONEOS_DEPLOYMENT_TARGET = 14.5;
				LD_RUNPATH_SEARCH_PATHS = (
					"$(inherited)",
					"@executable_path/Frameworks",
					"@loader_path/Frameworks",
				);
				PRODUCT_BUNDLE_IDENTIFIER = hoangnm.CustomViewsTests;
				PRODUCT_NAME = "$(TARGET_NAME)";
				SWIFT_VERSION = 5.0;
				TARGETED_DEVICE_FAMILY = "1,2";
				TEST_HOST = "$(BUILT_PRODUCTS_DIR)/CustomViews.app/CustomViews";
			};
			name = Debug;
		};
		2A9E029C26FEF71100ACEEE4 /* Release */ = {
			isa = XCBuildConfiguration;
			buildSettings = {
				ALWAYS_EMBED_SWIFT_STANDARD_LIBRARIES = YES;
				BUNDLE_LOADER = "$(TEST_HOST)";
				CODE_SIGN_STYLE = Automatic;
				INFOPLIST_FILE = CustomViewsTests/Info.plist;
				IPHONEOS_DEPLOYMENT_TARGET = 14.5;
				LD_RUNPATH_SEARCH_PATHS = (
					"$(inherited)",
					"@executable_path/Frameworks",
					"@loader_path/Frameworks",
				);
				PRODUCT_BUNDLE_IDENTIFIER = hoangnm.CustomViewsTests;
				PRODUCT_NAME = "$(TARGET_NAME)";
				SWIFT_VERSION = 5.0;
				TARGETED_DEVICE_FAMILY = "1,2";
				TEST_HOST = "$(BUILT_PRODUCTS_DIR)/CustomViews.app/CustomViews";
			};
			name = Release;
		};
		2A9E029E26FEF71100ACEEE4 /* Debug */ = {
			isa = XCBuildConfiguration;
			buildSettings = {
				ALWAYS_EMBED_SWIFT_STANDARD_LIBRARIES = YES;
				CODE_SIGN_STYLE = Automatic;
				INFOPLIST_FILE = CustomViewsUITests/Info.plist;
				LD_RUNPATH_SEARCH_PATHS = (
					"$(inherited)",
					"@executable_path/Frameworks",
					"@loader_path/Frameworks",
				);
				PRODUCT_BUNDLE_IDENTIFIER = hoangnm.CustomViewsUITests;
				PRODUCT_NAME = "$(TARGET_NAME)";
				SWIFT_VERSION = 5.0;
				TARGETED_DEVICE_FAMILY = "1,2";
				TEST_TARGET_NAME = CustomViews;
			};
			name = Debug;
		};
		2A9E029F26FEF71100ACEEE4 /* Release */ = {
			isa = XCBuildConfiguration;
			buildSettings = {
				ALWAYS_EMBED_SWIFT_STANDARD_LIBRARIES = YES;
				CODE_SIGN_STYLE = Automatic;
				INFOPLIST_FILE = CustomViewsUITests/Info.plist;
				LD_RUNPATH_SEARCH_PATHS = (
					"$(inherited)",
					"@executable_path/Frameworks",
					"@loader_path/Frameworks",
				);
				PRODUCT_BUNDLE_IDENTIFIER = hoangnm.CustomViewsUITests;
				PRODUCT_NAME = "$(TARGET_NAME)";
				SWIFT_VERSION = 5.0;
				TARGETED_DEVICE_FAMILY = "1,2";
				TEST_TARGET_NAME = CustomViews;
			};
			name = Release;
		};
/* End XCBuildConfiguration section */

/* Begin XCConfigurationList section */
		2A9E026826FEF70F00ACEEE4 /* Build configuration list for PBXProject "CustomViews" */ = {
			isa = XCConfigurationList;
			buildConfigurations = (
				2A9E029526FEF71100ACEEE4 /* Debug */,
				2A9E029626FEF71100ACEEE4 /* Release */,
			);
			defaultConfigurationIsVisible = 0;
			defaultConfigurationName = Release;
		};
		2A9E029726FEF71100ACEEE4 /* Build configuration list for PBXNativeTarget "CustomViews" */ = {
			isa = XCConfigurationList;
			buildConfigurations = (
				2A9E029826FEF71100ACEEE4 /* Debug */,
				2A9E029926FEF71100ACEEE4 /* Release */,
			);
			defaultConfigurationIsVisible = 0;
			defaultConfigurationName = Release;
		};
		2A9E029A26FEF71100ACEEE4 /* Build configuration list for PBXNativeTarget "CustomViewsTests" */ = {
			isa = XCConfigurationList;
			buildConfigurations = (
				2A9E029B26FEF71100ACEEE4 /* Debug */,
				2A9E029C26FEF71100ACEEE4 /* Release */,
			);
			defaultConfigurationIsVisible = 0;
			defaultConfigurationName = Release;
		};
		2A9E029D26FEF71100ACEEE4 /* Build configuration list for PBXNativeTarget "CustomViewsUITests" */ = {
			isa = XCConfigurationList;
			buildConfigurations = (
				2A9E029E26FEF71100ACEEE4 /* Debug */,
				2A9E029F26FEF71100ACEEE4 /* Release */,
			);
			defaultConfigurationIsVisible = 0;
			defaultConfigurationName = Release;
		};
/* End XCConfigurationList section */
	};
	rootObject = 2A9E026526FEF70F00ACEEE4 /* Project object */;
}
